// !$*UTF8*$!
{
	archiveVersion = 1;
	classes = {
	};
	objectVersion = 46;
	objects = {

/* Begin PBXBuildFile section */
		AAA06EBA1BBE1B9E00620804 /* SwiftCGI.framework in Frameworks */ = {isa = PBXBuildFile; fileRef = AAD34DCA1BB3B43300F81F17 /* SwiftCGI.framework */; };
		AAD34DC41BB3B41A00F81F17 /* main.swift in Sources */ = {isa = PBXBuildFile; fileRef = AAD34DC31BB3B41A00F81F17 /* main.swift */; };
/* End PBXBuildFile section */

/* Begin PBXCopyFilesBuildPhase section */
		AAD34DBE1BB3B41A00F81F17 /* CopyFiles */ = {
			isa = PBXCopyFilesBuildPhase;
			buildActionMask = 2147483647;
			dstPath = /usr/share/man/man1/;
			dstSubfolderSpec = 0;
			files = (
			);
			runOnlyForDeploymentPostprocessing = 1;
		};
/* End PBXCopyFilesBuildPhase section */

/* Begin PBXFileReference section */
		AAD34DC01BB3B41A00F81F17 /* SwiftCGIDemo */ = {isa = PBXFileReference; explicitFileType = "compiled.mach-o.executable"; includeInIndex = 0; path = SwiftCGIDemo; sourceTree = BUILT_PRODUCTS_DIR; };
		AAD34DC31BB3B41A00F81F17 /* main.swift */ = {isa = PBXFileReference; lastKnownFileType = sourcecode.swift; path = main.swift; sourceTree = "<group>"; };
		AAD34DCA1BB3B43300F81F17 /* SwiftCGI.framework */ = {isa = PBXFileReference; lastKnownFileType = wrapper.framework; name = SwiftCGI.framework; path = "../../../../Library/Developer/Xcode/DerivedData/SwiftCGI-fsntpudnssmwumdpbjuowvggsmbx/Build/Products/Debug/SwiftCGI.framework"; sourceTree = "<group>"; };
/* End PBXFileReference section */

/* Begin PBXFrameworksBuildPhase section */
		AAD34DBD1BB3B41A00F81F17 /* Frameworks */ = {
			isa = PBXFrameworksBuildPhase;
			buildActionMask = 2147483647;
			files = (
				AAA06EBA1BBE1B9E00620804 /* SwiftCGI.framework in Frameworks */,
			);
			runOnlyForDeploymentPostprocessing = 0;
		};
/* End PBXFrameworksBuildPhase section */

/* Begin PBXGroup section */
		AAD34DB71BB3B41A00F81F17 = {
			isa = PBXGroup;
			children = (
				AAD34DCA1BB3B43300F81F17 /* SwiftCGI.framework */,
				AAD34DC21BB3B41A00F81F17 /* SwiftCGIDemo */,
				AAD34DC11BB3B41A00F81F17 /* Products */,
			);
			sourceTree = "<group>";
		};
		AAD34DC11BB3B41A00F81F17 /* Products */ = {
			isa = PBXGroup;
			children = (
				AAD34DC01BB3B41A00F81F17 /* SwiftCGIDemo */,
			);
			name = Products;
			sourceTree = "<group>";
		};
		AAD34DC21BB3B41A00F81F17 /* SwiftCGIDemo */ = {
			isa = PBXGroup;
			children = (
				AAD34DC31BB3B41A00F81F17 /* main.swift */,
			);
			path = SwiftCGIDemo;
			sourceTree = "<group>";
		};
/* End PBXGroup section */

/* Begin PBXNativeTarget section */
		AAD34DBF1BB3B41A00F81F17 /* SwiftCGIDemo */ = {
			isa = PBXNativeTarget;
			buildConfigurationList = AAD34DC71BB3B41A00F81F17 /* Build configuration list for PBXNativeTarget "SwiftCGIDemo" */;
			buildPhases = (
				AAD34DBC1BB3B41A00F81F17 /* Sources */,
				AAD34DBD1BB3B41A00F81F17 /* Frameworks */,
				AAD34DBE1BB3B41A00F81F17 /* CopyFiles */,
			);
			buildRules = (
			);
			dependencies = (
			);
			name = SwiftCGIDemo;
			productName = SwiftCGIDemo;
			productReference = AAD34DC01BB3B41A00F81F17 /* SwiftCGIDemo */;
			productType = "com.apple.product-type.tool";
		};
/* End PBXNativeTarget section */

/* Begin PBXProject section */
		AAD34DB81BB3B41A00F81F17 /* Project object */ = {
			isa = PBXProject;
			attributes = {
				LastUpgradeCheck = 0700;
				ORGANIZATIONNAME = "Tony Allevato";
				TargetAttributes = {
					AAD34DBF1BB3B41A00F81F17 = {
						CreatedOnToolsVersion = 7.0;
					};
				};
			};
			buildConfigurationList = AAD34DBB1BB3B41A00F81F17 /* Build configuration list for PBXProject "SwiftCGIDemo" */;
			compatibilityVersion = "Xcode 3.2";
			developmentRegion = English;
			hasScannedForEncodings = 0;
			knownRegions = (
				en,
			);
			mainGroup = AAD34DB71BB3B41A00F81F17;
			productRefGroup = AAD34DC11BB3B41A00F81F17 /* Products */;
			projectDirPath = "";
			projectRoot = "";
			targets = (
				AAD34DBF1BB3B41A00F81F17 /* SwiftCGIDemo */,
			);
		};
/* End PBXProject section */

/* Begin PBXSourcesBuildPhase section */
		AAD34DBC1BB3B41A00F81F17 /* Sources */ = {
			isa = PBXSourcesBuildPhase;
			buildActionMask = 2147483647;
			files = (
				AAD34DC41BB3B41A00F81F17 /* main.swift in Sources */,
			);
			runOnlyForDeploymentPostprocessing = 0;
		};
/* End PBXSourcesBuildPhase section */

/* Begin XCBuildConfiguration section */
		AAD34DC51BB3B41A00F81F17 /* Debug */ = {
			isa = XCBuildConfiguration;
			buildSettings = {
				ALWAYS_SEARCH_USER_PATHS = NO;
				CLANG_CXX_LANGUAGE_STANDARD = "gnu++0x";
				CLANG_CXX_LIBRARY = "libc++";
				CLANG_ENABLE_MODULES = YES;
				CLANG_ENABLE_OBJC_ARC = YES;
				CLANG_WARN_BOOL_CONVERSION = YES;
				CLANG_WARN_CONSTANT_CONVERSION = YES;
				CLANG_WARN_DIRECT_OBJC_ISA_USAGE = YES_ERROR;
				CLANG_WARN_EMPTY_BODY = YES;
				CLANG_WARN_ENUM_CONVERSION = YES;
				CLANG_WARN_INT_CONVERSION = YES;
				CLANG_WARN_OBJC_ROOT_CLASS = YES_ERROR;
				CLANG_WARN_UNREACHABLE_CODE = YES;
				CLANG_WARN__DUPLICATE_METHOD_MATCH = YES;
				COPY_PHASE_STRIP = NO;
				DEBUG_INFORMATION_FORMAT = dwarf;
				ENABLE_STRICT_OBJC_MSGSEND = YES;
				ENABLE_TESTABILITY = YES;
				GCC_C_LANGUAGE_STANDARD = gnu99;
				GCC_DYNAMIC_NO_PIC = NO;
				GCC_NO_COMMON_BLOCKS = YES;
				GCC_OPTIMIZATION_LEVEL = 0;
				GCC_PREPROCESSOR_DEFINITIONS = (
					"DEBUG=1",
					"$(inherited)",
				);
				GCC_WARN_64_TO_32_BIT_CONVERSION = YES;
				GCC_WARN_ABOUT_RETURN_TYPE = YES_ERROR;
				GCC_WARN_UNDECLARED_SELECTOR = YES;
				GCC_WARN_UNINITIALIZED_AUTOS = YES_AGGRESSIVE;
				GCC_WARN_UNUSED_FUNCTION = YES;
				GCC_WARN_UNUSED_VARIABLE = YES;
				MACOSX_DEPLOYMENT_TARGET = 10.10;
				MTL_ENABLE_DEBUG_INFO = YES;
				ONLY_ACTIVE_ARCH = YES;
				SDKROOT = macosx;
				SWIFT_OPTIMIZATION_LEVEL = "-Onone";
			};
			name = Debug;
		};
		AAD34DC61BB3B41A00F81F17 /* Release */ = {
			isa = XCBuildConfiguration;
			buildSettings = {
				ALWAYS_SEARCH_USER_PATHS = NO;
				CLANG_CXX_LANGUAGE_STANDARD = "gnu++0x";
				CLANG_CXX_LIBRARY = "libc++";
				CLANG_ENABLE_MODULES = YES;
				CLANG_ENABLE_OBJC_ARC = YES;
				CLANG_WARN_BOOL_CONVERSION = YES;
				CLANG_WARN_CONSTANT_CONVERSION = YES;
				CLANG_WARN_DIRECT_OBJC_ISA_USAGE = YES_ERROR;
				CLANG_WARN_EMPTY_BODY = YES;
				CLANG_WARN_ENUM_CONVERSION = YES;
				CLANG_WARN_INT_CONVERSION = YES;
				CLANG_WARN_OBJC_ROOT_CLASS = YES_ERROR;
				CLANG_WARN_UNREACHABLE_CODE = YES;
				CLANG_WARN__DUPLICATE_METHOD_MATCH = YES;
				COPY_PHASE_STRIP = NO;
				DEBUG_INFORMATION_FORMAT = "dwarf-with-dsym";
				ENABLE_NS_ASSERTIONS = NO;
				ENABLE_STRICT_OBJC_MSGSEND = YES;
				GCC_C_LANGUAGE_STANDARD = gnu99;
				GCC_NO_COMMON_BLOCKS = YES;
				GCC_WARN_64_TO_32_BIT_CONVERSION = YES;
				GCC_WARN_ABOUT_RETURN_TYPE = YES_ERROR;
				GCC_WARN_UNDECLARED_SELECTOR = YES;
				GCC_WARN_UNINITIALIZED_AUTOS = YES_AGGRESSIVE;
				GCC_WARN_UNUSED_FUNCTION = YES;
				GCC_WARN_UNUSED_VARIABLE = YES;
				MACOSX_DEPLOYMENT_TARGET = 10.10;
				MTL_ENABLE_DEBUG_INFO = NO;
				SDKROOT = macosx;
			};
			name = Release;
		};
		AAD34DC81BB3B41A00F81F17 /* Debug */ = {
			isa = XCBuildConfiguration;
			buildSettings = {
				LD_RUNPATH_SEARCH_PATHS = "@executable_path";
				PRODUCT_NAME = "$(TARGET_NAME)";
			};
			name = Debug;
		};
		AAD34DC91BB3B41A00F81F17 /* Release */ = {
			isa = XCBuildConfiguration;
			buildSettings = {
				LD_RUNPATH_SEARCH_PATHS = "@executable_path";
				PRODUCT_NAME = "$(TARGET_NAME)";
			};
			name = Release;
		};
/* End XCBuildConfiguration section */

/* Begin XCConfigurationList section */
		AAD34DBB1BB3B41A00F81F17 /* Build configuration list for PBXProject "SwiftCGIDemo" */ = {
			isa = XCConfigurationList;
			buildConfigurations = (
				AAD34DC51BB3B41A00F81F17 /* Debug */,
				AAD34DC61BB3B41A00F81F17 /* Release */,
			);
			defaultConfigurationIsVisible = 0;
			defaultConfigurationName = Release;
		};
		AAD34DC71BB3B41A00F81F17 /* Build configuration list for PBXNativeTarget "SwiftCGIDemo" */ = {
			isa = XCConfigurationList;
			buildConfigurations = (
				AAD34DC81BB3B41A00F81F17 /* Debug */,
				AAD34DC91BB3B41A00F81F17 /* Release */,
			);
			defaultConfigurationIsVisible = 0;
			defaultConfigurationName = Release;
		};
/* End XCConfigurationList section */
	};
	rootObject = AAD34DB81BB3B41A00F81F17 /* Project object */;
}
