// !$*UTF8*$!
{
	archiveVersion = 1;
	classes = {
	};
	objectVersion = 46;
	objects = {

/* Begin PBXBuildFile section */
		AAA06ECA1BBE25AE00620804 /* String+URLEncoding.swift in Sources */ = {isa = PBXBuildFile; fileRef = AAA06EC91BBE25AE00620804 /* String+URLEncoding.swift */; settings = {ASSET_TAGS = (); }; };
		AAA06ECB1BBE25AE00620804 /* String+URLEncoding.swift in Sources */ = {isa = PBXBuildFile; fileRef = AAA06EC91BBE25AE00620804 /* String+URLEncoding.swift */; settings = {ASSET_TAGS = (); }; };
		AAA06ECF1BBE25BC00620804 /* String+URLEncodingTest.swift in Sources */ = {isa = PBXBuildFile; fileRef = AAA06ECD1BBE25BC00620804 /* String+URLEncodingTest.swift */; settings = {ASSET_TAGS = (); }; };
		AAA06ED71BBF534F00620804 /* IOError.swift in Sources */ = {isa = PBXBuildFile; fileRef = AAA06ED21BBF534F00620804 /* IOError.swift */; settings = {ASSET_TAGS = (); }; };
		AAA06ED81BBF534F00620804 /* IOError.swift in Sources */ = {isa = PBXBuildFile; fileRef = AAA06ED21BBF534F00620804 /* IOError.swift */; settings = {ASSET_TAGS = (); }; };
		AAA06ED91BBF534F00620804 /* InputStream.swift in Sources */ = {isa = PBXBuildFile; fileRef = AAA06ED31BBF534F00620804 /* InputStream.swift */; settings = {ASSET_TAGS = (); }; };
		AAA06EDA1BBF534F00620804 /* InputStream.swift in Sources */ = {isa = PBXBuildFile; fileRef = AAA06ED31BBF534F00620804 /* InputStream.swift */; settings = {ASSET_TAGS = (); }; };
		AAA06EE11BC3800200620804 /* XCTestCase+Extensions.swift in Sources */ = {isa = PBXBuildFile; fileRef = AAA06EE01BC3800200620804 /* XCTestCase+Extensions.swift */; settings = {ASSET_TAGS = (); }; };
		AAA06EE31BC6016100620804 /* InputStream+Primitives.swift in Sources */ = {isa = PBXBuildFile; fileRef = AAA06EE21BC6016100620804 /* InputStream+Primitives.swift */; settings = {ASSET_TAGS = (); }; };
		AAA06EE41BC6376C00620804 /* InputStream+Primitives.swift in Sources */ = {isa = PBXBuildFile; fileRef = AAA06EE21BC6016100620804 /* InputStream+Primitives.swift */; settings = {ASSET_TAGS = (); }; };
		AAA06EE61BC6A67300620804 /* SeekOrigin.swift in Sources */ = {isa = PBXBuildFile; fileRef = AAA06EE51BC6A67300620804 /* SeekOrigin.swift */; settings = {ASSET_TAGS = (); }; };
		AAA06EE71BC6A67300620804 /* SeekOrigin.swift in Sources */ = {isa = PBXBuildFile; fileRef = AAA06EE51BC6A67300620804 /* SeekOrigin.swift */; settings = {ASSET_TAGS = (); }; };
		AAA06EEA1BC75F9900620804 /* InputStream+PrimitivesTest.swift in Sources */ = {isa = PBXBuildFile; fileRef = AAA06EE91BC75F9900620804 /* InputStream+PrimitivesTest.swift */; settings = {ASSET_TAGS = (); }; };
		AAA06EEC1BC765D700620804 /* OutputStream+Primitives.swift in Sources */ = {isa = PBXBuildFile; fileRef = AAA06EEB1BC765D700620804 /* OutputStream+Primitives.swift */; settings = {ASSET_TAGS = (); }; };
		AAA06EED1BC765D700620804 /* OutputStream+Primitives.swift in Sources */ = {isa = PBXBuildFile; fileRef = AAA06EEB1BC765D700620804 /* OutputStream+Primitives.swift */; settings = {ASSET_TAGS = (); }; };
		AAA06EEF1BC7664D00620804 /* OutputStream.swift in Sources */ = {isa = PBXBuildFile; fileRef = AAA06EEE1BC7664D00620804 /* OutputStream.swift */; settings = {ASSET_TAGS = (); }; };
		AAA06EF01BC7664D00620804 /* OutputStream.swift in Sources */ = {isa = PBXBuildFile; fileRef = AAA06EEE1BC7664D00620804 /* OutputStream.swift */; settings = {ASSET_TAGS = (); }; };
		AAA06EF31BC77B4C00620804 /* OutputStream+PrimitivesTest.swift in Sources */ = {isa = PBXBuildFile; fileRef = AAA06EF11BC77B4C00620804 /* OutputStream+PrimitivesTest.swift */; settings = {ASSET_TAGS = (); }; };
		AAA06EF61BC8AA9B00620804 /* Thread.swift in Sources */ = {isa = PBXBuildFile; fileRef = AAA06EF51BC8AA9B00620804 /* Thread.swift */; settings = {ASSET_TAGS = (); }; };
		AAA06EF71BC8AA9B00620804 /* Thread.swift in Sources */ = {isa = PBXBuildFile; fileRef = AAA06EF51BC8AA9B00620804 /* Thread.swift */; settings = {ASSET_TAGS = (); }; };
		AAA06F0C1BC8C58100620804 /* HTTPStatus.swift in Sources */ = {isa = PBXBuildFile; fileRef = AAA06F011BC8C58100620804 /* HTTPStatus.swift */; settings = {ASSET_TAGS = (); }; };
		AAA06F0D1BC8C58100620804 /* HTTPStatus.swift in Sources */ = {isa = PBXBuildFile; fileRef = AAA06F011BC8C58100620804 /* HTTPStatus.swift */; settings = {ASSET_TAGS = (); }; };
		AAA06F0F1BC95C3E00620804 /* HTTPStatus+Predefined.swift in Sources */ = {isa = PBXBuildFile; fileRef = AAA06F0E1BC95C3E00620804 /* HTTPStatus+Predefined.swift */; settings = {ASSET_TAGS = (); }; };
		AAA06F101BC95C3E00620804 /* HTTPStatus+Predefined.swift in Sources */ = {isa = PBXBuildFile; fileRef = AAA06F0E1BC95C3E00620804 /* HTTPStatus+Predefined.swift */; settings = {ASSET_TAGS = (); }; };
		AAA06F191BC968A200620804 /* HTTPStatusTest.swift in Sources */ = {isa = PBXBuildFile; fileRef = AAA06F181BC968A200620804 /* HTTPStatusTest.swift */; settings = {ASSET_TAGS = (); }; };
		AAA06F1B1BC9E64E00620804 /* HTTPMethod.swift in Sources */ = {isa = PBXBuildFile; fileRef = AAA06F1A1BC9E64E00620804 /* HTTPMethod.swift */; settings = {ASSET_TAGS = (); }; };
		AAA06F1C1BC9E64E00620804 /* HTTPMethod.swift in Sources */ = {isa = PBXBuildFile; fileRef = AAA06F1A1BC9E64E00620804 /* HTTPMethod.swift */; settings = {ASSET_TAGS = (); }; };
		AAA06F1F1BCABF2600620804 /* HTTPMethodTest.swift in Sources */ = {isa = PBXBuildFile; fileRef = AAA06F1D1BCABF2600620804 /* HTTPMethodTest.swift */; settings = {ASSET_TAGS = (); }; };
		AAA06F211BCAC5B700620804 /* HTTPHeaders.swift in Sources */ = {isa = PBXBuildFile; fileRef = AAA06F201BCAC5B700620804 /* HTTPHeaders.swift */; settings = {ASSET_TAGS = (); }; };
		AAA06F221BCAC5B700620804 /* HTTPHeaders.swift in Sources */ = {isa = PBXBuildFile; fileRef = AAA06F201BCAC5B700620804 /* HTTPHeaders.swift */; settings = {ASSET_TAGS = (); }; };
		AAA06F241BCADC9B00620804 /* HTTPHeadersTest.swift in Sources */ = {isa = PBXBuildFile; fileRef = AAA06F231BCADC9B00620804 /* HTTPHeadersTest.swift */; settings = {ASSET_TAGS = (); }; };
		AAD34D911BB3B0AA00F81F17 /* SwiftCGI.framework in Frameworks */ = {isa = PBXBuildFile; fileRef = AAD34D861BB3B0AA00F81F17 /* SwiftCGI.framework */; settings = {ASSET_TAGS = (); }; };
/* End PBXBuildFile section */

/* Begin PBXContainerItemProxy section */
		AAD34D921BB3B0AA00F81F17 /* PBXContainerItemProxy */ = {
			isa = PBXContainerItemProxy;
			containerPortal = AAD34D7D1BB3B0AA00F81F17 /* Project object */;
			proxyType = 1;
			remoteGlobalIDString = AAD34D851BB3B0AA00F81F17;
			remoteInfo = SwiftCGI;
		};
/* End PBXContainerItemProxy section */

/* Begin PBXFileReference section */
		AAA06EC91BBE25AE00620804 /* String+URLEncoding.swift */ = {isa = PBXFileReference; fileEncoding = 4; lastKnownFileType = sourcecode.swift; path = "String+URLEncoding.swift"; sourceTree = "<group>"; };
		AAA06ECD1BBE25BC00620804 /* String+URLEncodingTest.swift */ = {isa = PBXFileReference; fileEncoding = 4; lastKnownFileType = sourcecode.swift; path = "String+URLEncodingTest.swift"; sourceTree = "<group>"; };
		AAA06ED21BBF534F00620804 /* IOError.swift */ = {isa = PBXFileReference; fileEncoding = 4; lastKnownFileType = sourcecode.swift; path = IOError.swift; sourceTree = "<group>"; };
		AAA06ED31BBF534F00620804 /* InputStream.swift */ = {isa = PBXFileReference; fileEncoding = 4; lastKnownFileType = sourcecode.swift; path = InputStream.swift; sourceTree = "<group>"; };
		AAA06EE01BC3800200620804 /* XCTestCase+Extensions.swift */ = {isa = PBXFileReference; fileEncoding = 4; lastKnownFileType = sourcecode.swift; path = "XCTestCase+Extensions.swift"; sourceTree = "<group>"; };
		AAA06EE21BC6016100620804 /* InputStream+Primitives.swift */ = {isa = PBXFileReference; fileEncoding = 4; lastKnownFileType = sourcecode.swift; path = "InputStream+Primitives.swift"; sourceTree = "<group>"; };
		AAA06EE51BC6A67300620804 /* SeekOrigin.swift */ = {isa = PBXFileReference; fileEncoding = 4; lastKnownFileType = sourcecode.swift; path = SeekOrigin.swift; sourceTree = "<group>"; };
		AAA06EE91BC75F9900620804 /* InputStream+PrimitivesTest.swift */ = {isa = PBXFileReference; fileEncoding = 4; lastKnownFileType = sourcecode.swift; path = "InputStream+PrimitivesTest.swift"; sourceTree = "<group>"; };
		AAA06EEB1BC765D700620804 /* OutputStream+Primitives.swift */ = {isa = PBXFileReference; fileEncoding = 4; lastKnownFileType = sourcecode.swift; path = "OutputStream+Primitives.swift"; sourceTree = "<group>"; };
		AAA06EEE1BC7664D00620804 /* OutputStream.swift */ = {isa = PBXFileReference; fileEncoding = 4; lastKnownFileType = sourcecode.swift; path = OutputStream.swift; sourceTree = "<group>"; };
		AAA06EF11BC77B4C00620804 /* OutputStream+PrimitivesTest.swift */ = {isa = PBXFileReference; fileEncoding = 4; lastKnownFileType = sourcecode.swift; path = "OutputStream+PrimitivesTest.swift"; sourceTree = "<group>"; };
		AAA06EF51BC8AA9B00620804 /* Thread.swift */ = {isa = PBXFileReference; fileEncoding = 4; lastKnownFileType = sourcecode.swift; path = Thread.swift; sourceTree = "<group>"; };
		AAA06F011BC8C58100620804 /* HTTPStatus.swift */ = {isa = PBXFileReference; fileEncoding = 4; lastKnownFileType = sourcecode.swift; path = HTTPStatus.swift; sourceTree = "<group>"; };
		AAA06F0E1BC95C3E00620804 /* HTTPStatus+Predefined.swift */ = {isa = PBXFileReference; fileEncoding = 4; lastKnownFileType = sourcecode.swift; path = "HTTPStatus+Predefined.swift"; sourceTree = "<group>"; };
		AAA06F181BC968A200620804 /* HTTPStatusTest.swift */ = {isa = PBXFileReference; fileEncoding = 4; lastKnownFileType = sourcecode.swift; path = HTTPStatusTest.swift; sourceTree = "<group>"; };
		AAA06F1A1BC9E64E00620804 /* HTTPMethod.swift */ = {isa = PBXFileReference; fileEncoding = 4; lastKnownFileType = sourcecode.swift; path = HTTPMethod.swift; sourceTree = "<group>"; };
		AAA06F1D1BCABF2600620804 /* HTTPMethodTest.swift */ = {isa = PBXFileReference; fileEncoding = 4; lastKnownFileType = sourcecode.swift; path = HTTPMethodTest.swift; sourceTree = "<group>"; };
		AAA06F201BCAC5B700620804 /* HTTPHeaders.swift */ = {isa = PBXFileReference; fileEncoding = 4; lastKnownFileType = sourcecode.swift; path = HTTPHeaders.swift; sourceTree = "<group>"; };
		AAA06F231BCADC9B00620804 /* HTTPHeadersTest.swift */ = {isa = PBXFileReference; fileEncoding = 4; lastKnownFileType = sourcecode.swift; path = HTTPHeadersTest.swift; sourceTree = "<group>"; };
		AAD34D861BB3B0AA00F81F17 /* SwiftCGI.framework */ = {isa = PBXFileReference; explicitFileType = wrapper.framework; includeInIndex = 0; path = SwiftCGI.framework; sourceTree = BUILT_PRODUCTS_DIR; };
		AAD34D8B1BB3B0AA00F81F17 /* Info.plist */ = {isa = PBXFileReference; lastKnownFileType = text.plist.xml; path = Info.plist; sourceTree = "<group>"; };
		AAD34D901BB3B0AA00F81F17 /* SwiftCGITests.xctest */ = {isa = PBXFileReference; explicitFileType = wrapper.cfbundle; includeInIndex = 0; path = SwiftCGITests.xctest; sourceTree = BUILT_PRODUCTS_DIR; };
		AAD34D971BB3B0AA00F81F17 /* Info.plist */ = {isa = PBXFileReference; lastKnownFileType = text.plist.xml; path = Info.plist; sourceTree = "<group>"; };
/* End PBXFileReference section */

/* Begin PBXFrameworksBuildPhase section */
		AAD34D821BB3B0AA00F81F17 /* Frameworks */ = {
			isa = PBXFrameworksBuildPhase;
			buildActionMask = 2147483647;
			files = (
			);
			runOnlyForDeploymentPostprocessing = 0;
		};
		AAD34D8D1BB3B0AA00F81F17 /* Frameworks */ = {
			isa = PBXFrameworksBuildPhase;
			buildActionMask = 2147483647;
			files = (
				AAD34D911BB3B0AA00F81F17 /* SwiftCGI.framework in Frameworks */,
			);
			runOnlyForDeploymentPostprocessing = 0;
		};
/* End PBXFrameworksBuildPhase section */

/* Begin PBXGroup section */
		AAA06EBB1BBE220100620804 /* Internal */ = {
			isa = PBXGroup;
			children = (
			);
			path = Internal;
			sourceTree = "<group>";
		};
		AAA06EC71BBE221800620804 /* Internal */ = {
			isa = PBXGroup;
			children = (
			);
			path = Internal;
			sourceTree = "<group>";
		};
		AAA06EC81BBE25AE00620804 /* Core */ = {
			isa = PBXGroup;
			children = (
				AAA06EC91BBE25AE00620804 /* String+URLEncoding.swift */,
			);
			path = Core;
			sourceTree = "<group>";
		};
		AAA06ECC1BBE25BC00620804 /* Core */ = {
			isa = PBXGroup;
			children = (
				AAA06ECD1BBE25BC00620804 /* String+URLEncodingTest.swift */,
			);
			path = Core;
			sourceTree = "<group>";
		};
		AAA06ED01BBF534F00620804 /* IO */ = {
			isa = PBXGroup;
			children = (
				AAA06ED31BBF534F00620804 /* InputStream.swift */,
				AAA06EE21BC6016100620804 /* InputStream+Primitives.swift */,
				AAA06ED21BBF534F00620804 /* IOError.swift */,
				AAA06EEE1BC7664D00620804 /* OutputStream.swift */,
				AAA06EEB1BC765D700620804 /* OutputStream+Primitives.swift */,
				AAA06EE51BC6A67300620804 /* SeekOrigin.swift */,
			);
			path = IO;
			sourceTree = "<group>";
		};
		AAA06EDF1BC37FD900620804 /* Support */ = {
			isa = PBXGroup;
			children = (
				AAA06EE01BC3800200620804 /* XCTestCase+Extensions.swift */,
			);
			path = Support;
			sourceTree = "<group>";
		};
		AAA06EE81BC75F9900620804 /* IO */ = {
			isa = PBXGroup;
			children = (
				AAA06EE91BC75F9900620804 /* InputStream+PrimitivesTest.swift */,
				AAA06EF11BC77B4C00620804 /* OutputStream+PrimitivesTest.swift */,
			);
			path = IO;
			sourceTree = "<group>";
		};
		AAA06EF41BC8AA8C00620804 /* Concurrency */ = {
			isa = PBXGroup;
			children = (
				AAA06EF51BC8AA9B00620804 /* Thread.swift */,
			);
			path = Concurrency;
			sourceTree = "<group>";
		};
		AAA06EF81BC8B5E400620804 /* Concurrency */ = {
			isa = PBXGroup;
			children = (
			);
			path = Concurrency;
			sourceTree = "<group>";
		};
		AAA06EFB1BC8C58100620804 /* HTTP */ = {
			isa = PBXGroup;
			children = (
				AAA06F201BCAC5B700620804 /* HTTPHeaders.swift */,
				AAA06F1A1BC9E64E00620804 /* HTTPMethod.swift */,
				AAA06F011BC8C58100620804 /* HTTPStatus.swift */,
				AAA06F0E1BC95C3E00620804 /* HTTPStatus+Predefined.swift */,
			);
			path = HTTP;
			sourceTree = "<group>";
		};
		AAA06F111BC9688000620804 /* HTTP */ = {
			isa = PBXGroup;
			children = (
				AAA06F231BCADC9B00620804 /* HTTPHeadersTest.swift */,
				AAA06F1D1BCABF2600620804 /* HTTPMethodTest.swift */,
				AAA06F181BC968A200620804 /* HTTPStatusTest.swift */,
			);
			path = HTTP;
			sourceTree = "<group>";
		};
		AAD34D7C1BB3B0AA00F81F17 = {
			isa = PBXGroup;
			children = (
				AAD34D881BB3B0AA00F81F17 /* SwiftCGI */,
				AAD34D941BB3B0AA00F81F17 /* SwiftCGITests */,
				AAD34D871BB3B0AA00F81F17 /* Products */,
			);
			sourceTree = "<group>";
		};
		AAD34D871BB3B0AA00F81F17 /* Products */ = {
			isa = PBXGroup;
			children = (
				AAD34D861BB3B0AA00F81F17 /* SwiftCGI.framework */,
				AAD34D901BB3B0AA00F81F17 /* SwiftCGITests.xctest */,
			);
			name = Products;
			sourceTree = "<group>";
		};
		AAD34D881BB3B0AA00F81F17 /* SwiftCGI */ = {
			isa = PBXGroup;
			children = (
				AAA06EBB1BBE220100620804 /* Internal */,
				AAD34DA41BB3B21300F81F17 /* Public */,
				AAD34D8B1BB3B0AA00F81F17 /* Info.plist */,
			);
			path = SwiftCGI;
			sourceTree = "<group>";
		};
		AAD34D941BB3B0AA00F81F17 /* SwiftCGITests */ = {
			isa = PBXGroup;
			children = (
				AAA06EC71BBE221800620804 /* Internal */,
				AAD34DD91BB6FAE800F81F17 /* Public */,
				AAA06EDF1BC37FD900620804 /* Support */,
				AAD34D971BB3B0AA00F81F17 /* Info.plist */,
			);
			path = SwiftCGITests;
			sourceTree = "<group>";
		};
		AAD34DA41BB3B21300F81F17 /* Public */ = {
			isa = PBXGroup;
			children = (
				AAA06EF41BC8AA8C00620804 /* Concurrency */,
				AAA06EC81BBE25AE00620804 /* Core */,
				AAA06EFB1BC8C58100620804 /* HTTP */,
				AAA06ED01BBF534F00620804 /* IO */,
			);
			path = Public;
			sourceTree = "<group>";
		};
		AAD34DD91BB6FAE800F81F17 /* Public */ = {
			isa = PBXGroup;
			children = (
				AAA06EF81BC8B5E400620804 /* Concurrency */,
				AAA06ECC1BBE25BC00620804 /* Core */,
				AAA06F111BC9688000620804 /* HTTP */,
				AAA06EE81BC75F9900620804 /* IO */,
			);
			path = Public;
			sourceTree = "<group>";
		};
/* End PBXGroup section */

/* Begin PBXHeadersBuildPhase section */
		AAD34D831BB3B0AA00F81F17 /* Headers */ = {
			isa = PBXHeadersBuildPhase;
			buildActionMask = 2147483647;
			files = (
			);
			runOnlyForDeploymentPostprocessing = 0;
		};
/* End PBXHeadersBuildPhase section */

/* Begin PBXNativeTarget section */
		AAD34D851BB3B0AA00F81F17 /* SwiftCGI */ = {
			isa = PBXNativeTarget;
			buildConfigurationList = AAD34D9A1BB3B0AA00F81F17 /* Build configuration list for PBXNativeTarget "SwiftCGI" */;
			buildPhases = (
				AAD34D811BB3B0AA00F81F17 /* Sources */,
				AAD34D821BB3B0AA00F81F17 /* Frameworks */,
				AAD34D831BB3B0AA00F81F17 /* Headers */,
				AAD34D841BB3B0AA00F81F17 /* Resources */,
			);
			buildRules = (
			);
			dependencies = (
			);
			name = SwiftCGI;
			productName = SwiftCGI;
			productReference = AAD34D861BB3B0AA00F81F17 /* SwiftCGI.framework */;
			productType = "com.apple.product-type.framework";
		};
		AAD34D8F1BB3B0AA00F81F17 /* SwiftCGITests */ = {
			isa = PBXNativeTarget;
			buildConfigurationList = AAD34D9D1BB3B0AA00F81F17 /* Build configuration list for PBXNativeTarget "SwiftCGITests" */;
			buildPhases = (
				AAD34D8C1BB3B0AA00F81F17 /* Sources */,
				AAD34D8D1BB3B0AA00F81F17 /* Frameworks */,
				AAD34D8E1BB3B0AA00F81F17 /* Resources */,
			);
			buildRules = (
			);
			dependencies = (
				AAD34D931BB3B0AA00F81F17 /* PBXTargetDependency */,
			);
			name = SwiftCGITests;
			productName = SwiftCGITests;
			productReference = AAD34D901BB3B0AA00F81F17 /* SwiftCGITests.xctest */;
			productType = "com.apple.product-type.bundle.unit-test";
		};
/* End PBXNativeTarget section */

/* Begin PBXProject section */
		AAD34D7D1BB3B0AA00F81F17 /* Project object */ = {
			isa = PBXProject;
			attributes = {
				LastSwiftUpdateCheck = 0700;
				LastUpgradeCheck = 0700;
				ORGANIZATIONNAME = "Tony Allevato";
				TargetAttributes = {
					AAD34D851BB3B0AA00F81F17 = {
						CreatedOnToolsVersion = 7.0;
					};
					AAD34D8F1BB3B0AA00F81F17 = {
						CreatedOnToolsVersion = 7.0;
					};
				};
			};
			buildConfigurationList = AAD34D801BB3B0AA00F81F17 /* Build configuration list for PBXProject "SwiftCGI" */;
			compatibilityVersion = "Xcode 3.2";
			developmentRegion = English;
			hasScannedForEncodings = 0;
			knownRegions = (
				en,
			);
			mainGroup = AAD34D7C1BB3B0AA00F81F17;
			productRefGroup = AAD34D871BB3B0AA00F81F17 /* Products */;
			projectDirPath = "";
			projectRoot = "";
			targets = (
				AAD34D851BB3B0AA00F81F17 /* SwiftCGI */,
				AAD34D8F1BB3B0AA00F81F17 /* SwiftCGITests */,
			);
		};
/* End PBXProject section */

/* Begin PBXResourcesBuildPhase section */
		AAD34D841BB3B0AA00F81F17 /* Resources */ = {
			isa = PBXResourcesBuildPhase;
			buildActionMask = 2147483647;
			files = (
			);
			runOnlyForDeploymentPostprocessing = 0;
		};
		AAD34D8E1BB3B0AA00F81F17 /* Resources */ = {
			isa = PBXResourcesBuildPhase;
			buildActionMask = 2147483647;
			files = (
			);
			runOnlyForDeploymentPostprocessing = 0;
		};
/* End PBXResourcesBuildPhase section */

/* Begin PBXSourcesBuildPhase section */
		AAD34D811BB3B0AA00F81F17 /* Sources */ = {
			isa = PBXSourcesBuildPhase;
			buildActionMask = 2147483647;
			files = (
				AAA06F211BCAC5B700620804 /* HTTPHeaders.swift in Sources */,
				AAA06EEF1BC7664D00620804 /* OutputStream.swift in Sources */,
				AAA06EEC1BC765D700620804 /* OutputStream+Primitives.swift in Sources */,
				AAA06EE61BC6A67300620804 /* SeekOrigin.swift in Sources */,
				AAA06F1B1BC9E64E00620804 /* HTTPMethod.swift in Sources */,
				AAA06EE31BC6016100620804 /* InputStream+Primitives.swift in Sources */,
				AAA06ECA1BBE25AE00620804 /* String+URLEncoding.swift in Sources */,
				AAA06F0F1BC95C3E00620804 /* HTTPStatus+Predefined.swift in Sources */,
				AAA06ED71BBF534F00620804 /* IOError.swift in Sources */,
				AAA06ED91BBF534F00620804 /* InputStream.swift in Sources */,
				AAA06EF61BC8AA9B00620804 /* Thread.swift in Sources */,
				AAA06F0C1BC8C58100620804 /* HTTPStatus.swift in Sources */,
			);
			runOnlyForDeploymentPostprocessing = 0;
		};
		AAD34D8C1BB3B0AA00F81F17 /* Sources */ = {
			isa = PBXSourcesBuildPhase;
			buildActionMask = 2147483647;
			files = (
				AAA06F221BCAC5B700620804 /* HTTPHeaders.swift in Sources */,
				AAA06EE11BC3800200620804 /* XCTestCase+Extensions.swift in Sources */,
				AAA06ECB1BBE25AE00620804 /* String+URLEncoding.swift in Sources */,
				AAA06EF01BC7664D00620804 /* OutputStream.swift in Sources */,
				AAA06EE41BC6376C00620804 /* InputStream+Primitives.swift in Sources */,
				AAA06F191BC968A200620804 /* HTTPStatusTest.swift in Sources */,
				AAA06EDA1BBF534F00620804 /* InputStream.swift in Sources */,
				AAA06EEA1BC75F9900620804 /* InputStream+PrimitivesTest.swift in Sources */,
				AAA06F1F1BCABF2600620804 /* HTTPMethodTest.swift in Sources */,
				AAA06EF31BC77B4C00620804 /* OutputStream+PrimitivesTest.swift in Sources */,
				AAA06EF71BC8AA9B00620804 /* Thread.swift in Sources */,
				AAA06F0D1BC8C58100620804 /* HTTPStatus.swift in Sources */,
				AAA06ED81BBF534F00620804 /* IOError.swift in Sources */,
				AAA06EED1BC765D700620804 /* OutputStream+Primitives.swift in Sources */,
				AAA06F241BCADC9B00620804 /* HTTPHeadersTest.swift in Sources */,
				AAA06F1C1BC9E64E00620804 /* HTTPMethod.swift in Sources */,
				AAA06ECF1BBE25BC00620804 /* String+URLEncodingTest.swift in Sources */,
				AAA06EE71BC6A67300620804 /* SeekOrigin.swift in Sources */,
				AAA06F101BC95C3E00620804 /* HTTPStatus+Predefined.swift in Sources */,
			);
			runOnlyForDeploymentPostprocessing = 0;
		};
/* End PBXSourcesBuildPhase section */

/* Begin PBXTargetDependency section */
		AAD34D931BB3B0AA00F81F17 /* PBXTargetDependency */ = {
			isa = PBXTargetDependency;
			target = AAD34D851BB3B0AA00F81F17 /* SwiftCGI */;
			targetProxy = AAD34D921BB3B0AA00F81F17 /* PBXContainerItemProxy */;
		};
/* End PBXTargetDependency section */

/* Begin XCBuildConfiguration section */
		AAD34D981BB3B0AA00F81F17 /* Debug */ = {
			isa = XCBuildConfiguration;
			buildSettings = {
				ALWAYS_SEARCH_USER_PATHS = NO;
				CLANG_CXX_LANGUAGE_STANDARD = "gnu++0x";
				CLANG_CXX_LIBRARY = "libc++";
				CLANG_ENABLE_MODULES = YES;
				CLANG_ENABLE_OBJC_ARC = YES;
				CLANG_WARN_BOOL_CONVERSION = YES;
				CLANG_WARN_CONSTANT_CONVERSION = YES;
				CLANG_WARN_DIRECT_OBJC_ISA_USAGE = YES_ERROR;
				CLANG_WARN_EMPTY_BODY = YES;
				CLANG_WARN_ENUM_CONVERSION = YES;
				CLANG_WARN_INT_CONVERSION = YES;
				CLANG_WARN_OBJC_ROOT_CLASS = YES_ERROR;
				CLANG_WARN_UNREACHABLE_CODE = YES;
				CLANG_WARN__DUPLICATE_METHOD_MATCH = YES;
				COPY_PHASE_STRIP = NO;
				CURRENT_PROJECT_VERSION = 1;
				DEBUG_INFORMATION_FORMAT = dwarf;
				ENABLE_STRICT_OBJC_MSGSEND = YES;
				ENABLE_TESTABILITY = YES;
				GCC_C_LANGUAGE_STANDARD = gnu99;
				GCC_DYNAMIC_NO_PIC = NO;
				GCC_NO_COMMON_BLOCKS = YES;
				GCC_OPTIMIZATION_LEVEL = 0;
				GCC_PREPROCESSOR_DEFINITIONS = (
					"DEBUG=1",
					"$(inherited)",
				);
				GCC_WARN_64_TO_32_BIT_CONVERSION = YES;
				GCC_WARN_ABOUT_RETURN_TYPE = YES_ERROR;
				GCC_WARN_UNDECLARED_SELECTOR = YES;
				GCC_WARN_UNINITIALIZED_AUTOS = YES_AGGRESSIVE;
				GCC_WARN_UNUSED_FUNCTION = YES;
				GCC_WARN_UNUSED_VARIABLE = YES;
				MACOSX_DEPLOYMENT_TARGET = 10.10;
				MTL_ENABLE_DEBUG_INFO = YES;
				ONLY_ACTIVE_ARCH = YES;
				SDKROOT = macosx;
				SWIFT_OPTIMIZATION_LEVEL = "-Onone";
				VERSIONING_SYSTEM = "apple-generic";
				VERSION_INFO_PREFIX = "";
			};
			name = Debug;
		};
		AAD34D991BB3B0AA00F81F17 /* Release */ = {
			isa = XCBuildConfiguration;
			buildSettings = {
				ALWAYS_SEARCH_USER_PATHS = NO;
				CLANG_CXX_LANGUAGE_STANDARD = "gnu++0x";
				CLANG_CXX_LIBRARY = "libc++";
				CLANG_ENABLE_MODULES = YES;
				CLANG_ENABLE_OBJC_ARC = YES;
				CLANG_WARN_BOOL_CONVERSION = YES;
				CLANG_WARN_CONSTANT_CONVERSION = YES;
				CLANG_WARN_DIRECT_OBJC_ISA_USAGE = YES_ERROR;
				CLANG_WARN_EMPTY_BODY = YES;
				CLANG_WARN_ENUM_CONVERSION = YES;
				CLANG_WARN_INT_CONVERSION = YES;
				CLANG_WARN_OBJC_ROOT_CLASS = YES_ERROR;
				CLANG_WARN_UNREACHABLE_CODE = YES;
				CLANG_WARN__DUPLICATE_METHOD_MATCH = YES;
				COPY_PHASE_STRIP = NO;
				CURRENT_PROJECT_VERSION = 1;
				DEBUG_INFORMATION_FORMAT = "dwarf-with-dsym";
				ENABLE_NS_ASSERTIONS = NO;
				ENABLE_STRICT_OBJC_MSGSEND = YES;
				GCC_C_LANGUAGE_STANDARD = gnu99;
				GCC_NO_COMMON_BLOCKS = YES;
				GCC_WARN_64_TO_32_BIT_CONVERSION = YES;
				GCC_WARN_ABOUT_RETURN_TYPE = YES_ERROR;
				GCC_WARN_UNDECLARED_SELECTOR = YES;
				GCC_WARN_UNINITIALIZED_AUTOS = YES_AGGRESSIVE;
				GCC_WARN_UNUSED_FUNCTION = YES;
				GCC_WARN_UNUSED_VARIABLE = YES;
				MACOSX_DEPLOYMENT_TARGET = 10.10;
				MTL_ENABLE_DEBUG_INFO = NO;
				SDKROOT = macosx;
				VERSIONING_SYSTEM = "apple-generic";
				VERSION_INFO_PREFIX = "";
			};
			name = Release;
		};
		AAD34D9B1BB3B0AA00F81F17 /* Debug */ = {
			isa = XCBuildConfiguration;
			buildSettings = {
				CLANG_ENABLE_MODULES = YES;
				COMBINE_HIDPI_IMAGES = YES;
				DEFINES_MODULE = YES;
				DYLIB_COMPATIBILITY_VERSION = 1;
				DYLIB_CURRENT_VERSION = 1;
				DYLIB_INSTALL_NAME_BASE = "@rpath";
				EMBEDDED_CONTENT_CONTAINS_SWIFT = YES;
				FRAMEWORK_VERSION = A;
				INFOPLIST_FILE = SwiftCGI/Info.plist;
				INSTALL_PATH = "$(LOCAL_LIBRARY_DIR)/Frameworks";
				LD_RUNPATH_SEARCH_PATHS = "$(inherited) @executable_path/../Frameworks @loader_path/Frameworks";
				MACH_O_TYPE = mh_dylib;
				PRODUCT_BUNDLE_IDENTIFIER = com.tonyallevato.SwiftCGI;
				PRODUCT_NAME = "$(TARGET_NAME)";
				SKIP_INSTALL = YES;
				SWIFT_OPTIMIZATION_LEVEL = "-Onone";
			};
			name = Debug;
		};
		AAD34D9C1BB3B0AA00F81F17 /* Release */ = {
			isa = XCBuildConfiguration;
			buildSettings = {
				CLANG_ENABLE_MODULES = YES;
				COMBINE_HIDPI_IMAGES = YES;
				DEFINES_MODULE = YES;
				DYLIB_COMPATIBILITY_VERSION = 1;
				DYLIB_CURRENT_VERSION = 1;
				DYLIB_INSTALL_NAME_BASE = "@rpath";
				EMBEDDED_CONTENT_CONTAINS_SWIFT = YES;
				FRAMEWORK_VERSION = A;
				INFOPLIST_FILE = SwiftCGI/Info.plist;
				INSTALL_PATH = "$(LOCAL_LIBRARY_DIR)/Frameworks";
				LD_RUNPATH_SEARCH_PATHS = "$(inherited) @executable_path/../Frameworks @loader_path/Frameworks";
				MACH_O_TYPE = mh_dylib;
				PRODUCT_BUNDLE_IDENTIFIER = com.tonyallevato.SwiftCGI;
				PRODUCT_NAME = "$(TARGET_NAME)";
				SKIP_INSTALL = YES;
			};
			name = Release;
		};
		AAD34D9E1BB3B0AA00F81F17 /* Debug */ = {
			isa = XCBuildConfiguration;
			buildSettings = {
				COMBINE_HIDPI_IMAGES = YES;
				INFOPLIST_FILE = SwiftCGITests/Info.plist;
				LD_RUNPATH_SEARCH_PATHS = "$(inherited) @executable_path/../Frameworks @loader_path/../Frameworks";
				PRODUCT_BUNDLE_IDENTIFIER = com.tonyallevato.SwiftCGITests;
				PRODUCT_NAME = "$(TARGET_NAME)";
			};
			name = Debug;
		};
		AAD34D9F1BB3B0AA00F81F17 /* Release */ = {
			isa = XCBuildConfiguration;
			buildSettings = {
				COMBINE_HIDPI_IMAGES = YES;
				INFOPLIST_FILE = SwiftCGITests/Info.plist;
				LD_RUNPATH_SEARCH_PATHS = "$(inherited) @executable_path/../Frameworks @loader_path/../Frameworks";
				PRODUCT_BUNDLE_IDENTIFIER = com.tonyallevato.SwiftCGITests;
				PRODUCT_NAME = "$(TARGET_NAME)";
			};
			name = Release;
		};
/* End XCBuildConfiguration section */

/* Begin XCConfigurationList section */
		AAD34D801BB3B0AA00F81F17 /* Build configuration list for PBXProject "SwiftCGI" */ = {
			isa = XCConfigurationList;
			buildConfigurations = (
				AAD34D981BB3B0AA00F81F17 /* Debug */,
				AAD34D991BB3B0AA00F81F17 /* Release */,
			);
			defaultConfigurationIsVisible = 0;
			defaultConfigurationName = Release;
		};
		AAD34D9A1BB3B0AA00F81F17 /* Build configuration list for PBXNativeTarget "SwiftCGI" */ = {
			isa = XCConfigurationList;
			buildConfigurations = (
				AAD34D9B1BB3B0AA00F81F17 /* Debug */,
				AAD34D9C1BB3B0AA00F81F17 /* Release */,
			);
			defaultConfigurationIsVisible = 0;
			defaultConfigurationName = Release;
		};
		AAD34D9D1BB3B0AA00F81F17 /* Build configuration list for PBXNativeTarget "SwiftCGITests" */ = {
			isa = XCConfigurationList;
			buildConfigurations = (
				AAD34D9E1BB3B0AA00F81F17 /* Debug */,
				AAD34D9F1BB3B0AA00F81F17 /* Release */,
			);
			defaultConfigurationIsVisible = 0;
			defaultConfigurationName = Release;
		};
/* End XCConfigurationList section */
	};
	rootObject = AAD34D7D1BB3B0AA00F81F17 /* Project object */;
}
