// !$*UTF8*$!
{
	archiveVersion = 1;
	classes = {
	};
	objectVersion = 46;
	objects = {

/* Begin PBXBuildFile section */
		AA25099E1BE6DF8700E94307 /* FCGIRecord.swift in Sources */ = {isa = PBXBuildFile; fileRef = AA25099D1BE6DF8700E94307 /* FCGIRecord.swift */; };
		AA25099F1BE6DF8700E94307 /* FCGIRecord.swift in Sources */ = {isa = PBXBuildFile; fileRef = AA25099D1BE6DF8700E94307 /* FCGIRecord.swift */; };
		AA2509A11BE6E2EF00E94307 /* FCGIRecordBody.swift in Sources */ = {isa = PBXBuildFile; fileRef = AA2509A01BE6E2EF00E94307 /* FCGIRecordBody.swift */; };
		AA2509A21BE6E2EF00E94307 /* FCGIRecordBody.swift in Sources */ = {isa = PBXBuildFile; fileRef = AA2509A01BE6E2EF00E94307 /* FCGIRecordBody.swift */; };
		AA2509A41BE723F100E94307 /* FCGIBeginRequestFlags.swift in Sources */ = {isa = PBXBuildFile; fileRef = AA2509A31BE723F100E94307 /* FCGIBeginRequestFlags.swift */; };
		AA2509A51BE723F100E94307 /* FCGIBeginRequestFlags.swift in Sources */ = {isa = PBXBuildFile; fileRef = AA2509A31BE723F100E94307 /* FCGIBeginRequestFlags.swift */; };
		AA2509A71BE7246400E94307 /* FCGIBeginRequestRole.swift in Sources */ = {isa = PBXBuildFile; fileRef = AA2509A61BE7246400E94307 /* FCGIBeginRequestRole.swift */; };
		AA2509A81BE7246400E94307 /* FCGIBeginRequestRole.swift in Sources */ = {isa = PBXBuildFile; fileRef = AA2509A61BE7246400E94307 /* FCGIBeginRequestRole.swift */; };
		AA2509AA1BE724E500E94307 /* FCGIProtocolStatus.swift in Sources */ = {isa = PBXBuildFile; fileRef = AA2509A91BE724E500E94307 /* FCGIProtocolStatus.swift */; };
		AA2509AB1BE724E500E94307 /* FCGIProtocolStatus.swift in Sources */ = {isa = PBXBuildFile; fileRef = AA2509A91BE724E500E94307 /* FCGIProtocolStatus.swift */; };
		AA2509AE1BE737DE00E94307 /* FCGIRecordBodyTest.swift in Sources */ = {isa = PBXBuildFile; fileRef = AA2509AD1BE737DE00E94307 /* FCGIRecordBodyTest.swift */; };
		AA2509B01BE85B1C00E94307 /* FCGIRecordTest.swift in Sources */ = {isa = PBXBuildFile; fileRef = AA2509AF1BE85B1C00E94307 /* FCGIRecordTest.swift */; };
		AA2509B21BE86FB000E94307 /* FCGINameValueSerialization.swift in Sources */ = {isa = PBXBuildFile; fileRef = AA2509B11BE86FB000E94307 /* FCGINameValueSerialization.swift */; };
		AA2509B31BE86FB000E94307 /* FCGINameValueSerialization.swift in Sources */ = {isa = PBXBuildFile; fileRef = AA2509B11BE86FB000E94307 /* FCGINameValueSerialization.swift */; };
		AA2509B61BE9BEF400E94307 /* FCGINameValueSerializationTest.swift in Sources */ = {isa = PBXBuildFile; fileRef = AA2509B41BE9BEF400E94307 /* FCGINameValueSerializationTest.swift */; };
		AA2509B81BEE73A100E94307 /* FCGIRecordOutputStream.swift in Sources */ = {isa = PBXBuildFile; fileRef = AA2509B71BEE73A100E94307 /* FCGIRecordOutputStream.swift */; };
		AA2509B91BEE73A100E94307 /* FCGIRecordOutputStream.swift in Sources */ = {isa = PBXBuildFile; fileRef = AA2509B71BEE73A100E94307 /* FCGIRecordOutputStream.swift */; };
		AA2509BB1BEED16400E94307 /* FCGIRecordOutputStreamTest.swift in Sources */ = {isa = PBXBuildFile; fileRef = AA2509BA1BEED16400E94307 /* FCGIRecordOutputStreamTest.swift */; };
		AA2509BD1BEFA32F00E94307 /* FCGIRecordInputStream.swift in Sources */ = {isa = PBXBuildFile; fileRef = AA2509BC1BEFA32F00E94307 /* FCGIRecordInputStream.swift */; };
		AA2509BE1BEFA32F00E94307 /* FCGIRecordInputStream.swift in Sources */ = {isa = PBXBuildFile; fileRef = AA2509BC1BEFA32F00E94307 /* FCGIRecordInputStream.swift */; };
		AA2509C01BEFD12D00E94307 /* FCGIError.swift in Sources */ = {isa = PBXBuildFile; fileRef = AA2509BF1BEFD12D00E94307 /* FCGIError.swift */; };
		AA2509C11BEFD12D00E94307 /* FCGIError.swift in Sources */ = {isa = PBXBuildFile; fileRef = AA2509BF1BEFD12D00E94307 /* FCGIError.swift */; };
		AA2509C31BEFD6F300E94307 /* FCGIRecordInputStreamTest.swift in Sources */ = {isa = PBXBuildFile; fileRef = AA2509C21BEFD6F300E94307 /* FCGIRecordInputStreamTest.swift */; };
		AA2509C51BF00D9100E94307 /* FCGIRequestHandler.swift in Sources */ = {isa = PBXBuildFile; fileRef = AA2509C41BF00D9100E94307 /* FCGIRequestHandler.swift */; };
		AA2509C61BF00D9100E94307 /* FCGIRequestHandler.swift in Sources */ = {isa = PBXBuildFile; fileRef = AA2509C41BF00D9100E94307 /* FCGIRequestHandler.swift */; };
		AA2509C81BF16BD400E94307 /* FCGIRequestHandlerTest.swift in Sources */ = {isa = PBXBuildFile; fileRef = AA2509C71BF16BD400E94307 /* FCGIRequestHandlerTest.swift */; };
		AA2509CA1BF2C28500E94307 /* FCGIServer.swift in Sources */ = {isa = PBXBuildFile; fileRef = AA2509C91BF2C28500E94307 /* FCGIServer.swift */; };
		AA2509CB1BF2C28500E94307 /* FCGIServer.swift in Sources */ = {isa = PBXBuildFile; fileRef = AA2509C91BF2C28500E94307 /* FCGIServer.swift */; };
		AA2509CD1BF4E1A200E94307 /* DateTime.swift in Sources */ = {isa = PBXBuildFile; fileRef = AA2509CC1BF4E1A200E94307 /* DateTime.swift */; };
		AA2509CE1BF4E1A200E94307 /* DateTime.swift in Sources */ = {isa = PBXBuildFile; fileRef = AA2509CC1BF4E1A200E94307 /* DateTime.swift */; };
		AA2509D01BF4F33100E94307 /* DateTimeTest.swift in Sources */ = {isa = PBXBuildFile; fileRef = AA2509CF1BF4F33100E94307 /* DateTimeTest.swift */; };
		AA2509D21BF50F5700E94307 /* DateTimeComponents.swift in Sources */ = {isa = PBXBuildFile; fileRef = AA2509D11BF50F5700E94307 /* DateTimeComponents.swift */; };
		AA2509D31BF50F5700E94307 /* DateTimeComponents.swift in Sources */ = {isa = PBXBuildFile; fileRef = AA2509D11BF50F5700E94307 /* DateTimeComponents.swift */; };
		AA2509D51BF5601A00E94307 /* Hasher.swift in Sources */ = {isa = PBXBuildFile; fileRef = AA2509D41BF5601A00E94307 /* Hasher.swift */; };
		AA2509D61BF5601A00E94307 /* Hasher.swift in Sources */ = {isa = PBXBuildFile; fileRef = AA2509D41BF5601A00E94307 /* Hasher.swift */; };
		AA2509D81BF5770D00E94307 /* HasherTest.swift in Sources */ = {isa = PBXBuildFile; fileRef = AA2509D71BF5770D00E94307 /* HasherTest.swift */; };
		AA2509DA1BF67EC900E94307 /* DateTimeComponentsTest.swift in Sources */ = {isa = PBXBuildFile; fileRef = AA2509D91BF67EC900E94307 /* DateTimeComponentsTest.swift */; };
		AA27D2941BD9E65D00028A42 /* BufferingInputStreamTest.swift in Sources */ = {isa = PBXBuildFile; fileRef = AA27D2931BD9E65D00028A42 /* BufferingInputStreamTest.swift */; };
		AA6230EC1BD4483A0094B96C /* InputStream+StringsTest.swift in Sources */ = {isa = PBXBuildFile; fileRef = AA6230EB1BD4483A0094B96C /* InputStream+StringsTest.swift */; };
		AA6230EE1BD5CA150094B96C /* BufferingOutputStream.swift in Sources */ = {isa = PBXBuildFile; fileRef = AA6230ED1BD5CA150094B96C /* BufferingOutputStream.swift */; };
		AA6230EF1BD5CA150094B96C /* BufferingOutputStream.swift in Sources */ = {isa = PBXBuildFile; fileRef = AA6230ED1BD5CA150094B96C /* BufferingOutputStream.swift */; };
		AA6230F11BD5E0820094B96C /* BufferingOutputStreamTest.swift in Sources */ = {isa = PBXBuildFile; fileRef = AA6230F01BD5E0820094B96C /* BufferingOutputStreamTest.swift */; };
		AA6230F31BD72E380094B96C /* BufferingInputStream.swift in Sources */ = {isa = PBXBuildFile; fileRef = AA6230F21BD72E380094B96C /* BufferingInputStream.swift */; };
		AA6230F41BD72E380094B96C /* BufferingInputStream.swift in Sources */ = {isa = PBXBuildFile; fileRef = AA6230F21BD72E380094B96C /* BufferingInputStream.swift */; };
		AAA06ECA1BBE25AE00620804 /* String+URLEncoding.swift in Sources */ = {isa = PBXBuildFile; fileRef = AAA06EC91BBE25AE00620804 /* String+URLEncoding.swift */; };
		AAA06ECB1BBE25AE00620804 /* String+URLEncoding.swift in Sources */ = {isa = PBXBuildFile; fileRef = AAA06EC91BBE25AE00620804 /* String+URLEncoding.swift */; };
		AAA06ECF1BBE25BC00620804 /* String+URLEncodingTest.swift in Sources */ = {isa = PBXBuildFile; fileRef = AAA06ECD1BBE25BC00620804 /* String+URLEncodingTest.swift */; };
		AAA06ED71BBF534F00620804 /* IOError.swift in Sources */ = {isa = PBXBuildFile; fileRef = AAA06ED21BBF534F00620804 /* IOError.swift */; };
		AAA06ED81BBF534F00620804 /* IOError.swift in Sources */ = {isa = PBXBuildFile; fileRef = AAA06ED21BBF534F00620804 /* IOError.swift */; };
		AAA06ED91BBF534F00620804 /* InputStream.swift in Sources */ = {isa = PBXBuildFile; fileRef = AAA06ED31BBF534F00620804 /* InputStream.swift */; };
		AAA06EDA1BBF534F00620804 /* InputStream.swift in Sources */ = {isa = PBXBuildFile; fileRef = AAA06ED31BBF534F00620804 /* InputStream.swift */; };
		AAA06EE11BC3800200620804 /* XCTestErrorAssertions.swift in Sources */ = {isa = PBXBuildFile; fileRef = AAA06EE01BC3800200620804 /* XCTestErrorAssertions.swift */; };
		AAA06EE31BC6016100620804 /* InputStream+Primitives.swift in Sources */ = {isa = PBXBuildFile; fileRef = AAA06EE21BC6016100620804 /* InputStream+Primitives.swift */; };
		AAA06EE41BC6376C00620804 /* InputStream+Primitives.swift in Sources */ = {isa = PBXBuildFile; fileRef = AAA06EE21BC6016100620804 /* InputStream+Primitives.swift */; };
		AAA06EE61BC6A67300620804 /* SeekOrigin.swift in Sources */ = {isa = PBXBuildFile; fileRef = AAA06EE51BC6A67300620804 /* SeekOrigin.swift */; };
		AAA06EE71BC6A67300620804 /* SeekOrigin.swift in Sources */ = {isa = PBXBuildFile; fileRef = AAA06EE51BC6A67300620804 /* SeekOrigin.swift */; };
		AAA06EEA1BC75F9900620804 /* InputStream+PrimitivesTest.swift in Sources */ = {isa = PBXBuildFile; fileRef = AAA06EE91BC75F9900620804 /* InputStream+PrimitivesTest.swift */; };
		AAA06EEC1BC765D700620804 /* OutputStream+Primitives.swift in Sources */ = {isa = PBXBuildFile; fileRef = AAA06EEB1BC765D700620804 /* OutputStream+Primitives.swift */; };
		AAA06EED1BC765D700620804 /* OutputStream+Primitives.swift in Sources */ = {isa = PBXBuildFile; fileRef = AAA06EEB1BC765D700620804 /* OutputStream+Primitives.swift */; };
		AAA06EEF1BC7664D00620804 /* OutputStream.swift in Sources */ = {isa = PBXBuildFile; fileRef = AAA06EEE1BC7664D00620804 /* OutputStream.swift */; };
		AAA06EF01BC7664D00620804 /* OutputStream.swift in Sources */ = {isa = PBXBuildFile; fileRef = AAA06EEE1BC7664D00620804 /* OutputStream.swift */; };
		AAA06EF31BC77B4C00620804 /* OutputStream+PrimitivesTest.swift in Sources */ = {isa = PBXBuildFile; fileRef = AAA06EF11BC77B4C00620804 /* OutputStream+PrimitivesTest.swift */; };
		AAA06EF61BC8AA9B00620804 /* Thread.swift in Sources */ = {isa = PBXBuildFile; fileRef = AAA06EF51BC8AA9B00620804 /* Thread.swift */; };
		AAA06EF71BC8AA9B00620804 /* Thread.swift in Sources */ = {isa = PBXBuildFile; fileRef = AAA06EF51BC8AA9B00620804 /* Thread.swift */; };
		AAA06F0C1BC8C58100620804 /* HTTPStatus.swift in Sources */ = {isa = PBXBuildFile; fileRef = AAA06F011BC8C58100620804 /* HTTPStatus.swift */; };
		AAA06F0D1BC8C58100620804 /* HTTPStatus.swift in Sources */ = {isa = PBXBuildFile; fileRef = AAA06F011BC8C58100620804 /* HTTPStatus.swift */; };
		AAA06F0F1BC95C3E00620804 /* HTTPStatus+Predefined.swift in Sources */ = {isa = PBXBuildFile; fileRef = AAA06F0E1BC95C3E00620804 /* HTTPStatus+Predefined.swift */; };
		AAA06F101BC95C3E00620804 /* HTTPStatus+Predefined.swift in Sources */ = {isa = PBXBuildFile; fileRef = AAA06F0E1BC95C3E00620804 /* HTTPStatus+Predefined.swift */; };
		AAA06F191BC968A200620804 /* HTTPStatusTest.swift in Sources */ = {isa = PBXBuildFile; fileRef = AAA06F181BC968A200620804 /* HTTPStatusTest.swift */; };
		AAA06F1B1BC9E64E00620804 /* HTTPMethod.swift in Sources */ = {isa = PBXBuildFile; fileRef = AAA06F1A1BC9E64E00620804 /* HTTPMethod.swift */; };
		AAA06F1C1BC9E64E00620804 /* HTTPMethod.swift in Sources */ = {isa = PBXBuildFile; fileRef = AAA06F1A1BC9E64E00620804 /* HTTPMethod.swift */; };
		AAA06F1F1BCABF2600620804 /* HTTPMethodTest.swift in Sources */ = {isa = PBXBuildFile; fileRef = AAA06F1D1BCABF2600620804 /* HTTPMethodTest.swift */; };
		AAA06F211BCAC5B700620804 /* HTTPHeaders.swift in Sources */ = {isa = PBXBuildFile; fileRef = AAA06F201BCAC5B700620804 /* HTTPHeaders.swift */; };
		AAA06F221BCAC5B700620804 /* HTTPHeaders.swift in Sources */ = {isa = PBXBuildFile; fileRef = AAA06F201BCAC5B700620804 /* HTTPHeaders.swift */; };
		AAA06F241BCADC9B00620804 /* HTTPHeadersTest.swift in Sources */ = {isa = PBXBuildFile; fileRef = AAA06F231BCADC9B00620804 /* HTTPHeadersTest.swift */; };
		AAA06F261BCAF89700620804 /* HTTPRequest.swift in Sources */ = {isa = PBXBuildFile; fileRef = AAA06F251BCAF89700620804 /* HTTPRequest.swift */; };
		AAA06F271BCAF89700620804 /* HTTPRequest.swift in Sources */ = {isa = PBXBuildFile; fileRef = AAA06F251BCAF89700620804 /* HTTPRequest.swift */; };
		AAA06F291BCB1A4B00620804 /* HTTPResponse.swift in Sources */ = {isa = PBXBuildFile; fileRef = AAA06F281BCB1A4B00620804 /* HTTPResponse.swift */; };
		AAA06F2A1BCB1A4B00620804 /* HTTPResponse.swift in Sources */ = {isa = PBXBuildFile; fileRef = AAA06F281BCB1A4B00620804 /* HTTPResponse.swift */; };
		AAA06F2D1BCB234200620804 /* CGIHTTPRequest.swift in Sources */ = {isa = PBXBuildFile; fileRef = AAA06F2C1BCB234200620804 /* CGIHTTPRequest.swift */; };
		AAA06F2E1BCB234200620804 /* CGIHTTPRequest.swift in Sources */ = {isa = PBXBuildFile; fileRef = AAA06F2C1BCB234200620804 /* CGIHTTPRequest.swift */; };
		AAA06F301BCB55DC00620804 /* HTTPHeaders+CGIEnvironment.swift in Sources */ = {isa = PBXBuildFile; fileRef = AAA06F2F1BCB55DC00620804 /* HTTPHeaders+CGIEnvironment.swift */; };
		AAA06F311BCB55DC00620804 /* HTTPHeaders+CGIEnvironment.swift in Sources */ = {isa = PBXBuildFile; fileRef = AAA06F2F1BCB55DC00620804 /* HTTPHeaders+CGIEnvironment.swift */; };
		AAA06F341BCB71C700620804 /* HTTPHeaders+CGIEnvironmentTest.swift in Sources */ = {isa = PBXBuildFile; fileRef = AAA06F331BCB71C700620804 /* HTTPHeaders+CGIEnvironmentTest.swift */; };
		AAA06F361BCC843C00620804 /* CGIHTTPRequestTest.swift in Sources */ = {isa = PBXBuildFile; fileRef = AAA06F351BCC843C00620804 /* CGIHTTPRequestTest.swift */; };
		AAA06F381BCC84ED00620804 /* TestInputStream.swift in Sources */ = {isa = PBXBuildFile; fileRef = AAA06F371BCC84ED00620804 /* TestInputStream.swift */; };
		AAA06F3C1BCC9E5200620804 /* ServerProtocol.swift in Sources */ = {isa = PBXBuildFile; fileRef = AAA06F3B1BCC9E5200620804 /* ServerProtocol.swift */; };
		AAA06F3D1BCC9E5200620804 /* ServerProtocol.swift in Sources */ = {isa = PBXBuildFile; fileRef = AAA06F3B1BCC9E5200620804 /* ServerProtocol.swift */; };
		AAA06F3F1BCCA20700620804 /* Server.swift in Sources */ = {isa = PBXBuildFile; fileRef = AAA06F3E1BCCA20700620804 /* Server.swift */; };
		AAA06F401BCCA20700620804 /* Server.swift in Sources */ = {isa = PBXBuildFile; fileRef = AAA06F3E1BCCA20700620804 /* Server.swift */; };
		AAA06F451BCE098700620804 /* FileInputStream.swift in Sources */ = {isa = PBXBuildFile; fileRef = AAA06F441BCE098700620804 /* FileInputStream.swift */; };
		AAA06F461BCE098700620804 /* FileInputStream.swift in Sources */ = {isa = PBXBuildFile; fileRef = AAA06F441BCE098700620804 /* FileInputStream.swift */; };
		AAA06F481BCE9E6E00620804 /* FileOutputStream.swift in Sources */ = {isa = PBXBuildFile; fileRef = AAA06F471BCE9E6E00620804 /* FileOutputStream.swift */; };
		AAA06F491BCE9E6E00620804 /* FileOutputStream.swift in Sources */ = {isa = PBXBuildFile; fileRef = AAA06F471BCE9E6E00620804 /* FileOutputStream.swift */; };
		AAA06F4C1BCEA26700620804 /* WriteNotifyingOutputStream.swift in Sources */ = {isa = PBXBuildFile; fileRef = AAA06F4B1BCEA26700620804 /* WriteNotifyingOutputStream.swift */; };
		AAA06F4D1BCEA26700620804 /* WriteNotifyingOutputStream.swift in Sources */ = {isa = PBXBuildFile; fileRef = AAA06F4B1BCEA26700620804 /* WriteNotifyingOutputStream.swift */; };
		AAA06F4F1BCEA28700620804 /* WriteNotifyingOutputStreamDelegate.swift in Sources */ = {isa = PBXBuildFile; fileRef = AAA06F4E1BCEA28700620804 /* WriteNotifyingOutputStreamDelegate.swift */; };
		AAA06F501BCEA28700620804 /* WriteNotifyingOutputStreamDelegate.swift in Sources */ = {isa = PBXBuildFile; fileRef = AAA06F4E1BCEA28700620804 /* WriteNotifyingOutputStreamDelegate.swift */; };
		AAA06F531BCF3ACF00620804 /* WriteNotifyingOutputStreamTest.swift in Sources */ = {isa = PBXBuildFile; fileRef = AAA06F521BCF3ACF00620804 /* WriteNotifyingOutputStreamTest.swift */; };
		AAA06F551BCF47A300620804 /* TestOutputStream.swift in Sources */ = {isa = PBXBuildFile; fileRef = AAA06F541BCF47A300620804 /* TestOutputStream.swift */; };
		AAA06F5A1BD0948400620804 /* OutputStream+Strings.swift in Sources */ = {isa = PBXBuildFile; fileRef = AAA06F591BD0948400620804 /* OutputStream+Strings.swift */; };
		AAA06F5B1BD0948400620804 /* OutputStream+Strings.swift in Sources */ = {isa = PBXBuildFile; fileRef = AAA06F591BD0948400620804 /* OutputStream+Strings.swift */; };
		AAA06F5D1BD1EE5C00620804 /* OutputStream+StringsTest.swift in Sources */ = {isa = PBXBuildFile; fileRef = AAA06F5C1BD1EE5C00620804 /* OutputStream+StringsTest.swift */; };
		AAA06F5F1BD1F4E600620804 /* CGIHTTPResponse.swift in Sources */ = {isa = PBXBuildFile; fileRef = AAA06F5E1BD1F4E600620804 /* CGIHTTPResponse.swift */; };
		AAA06F601BD1F4E600620804 /* CGIHTTPResponse.swift in Sources */ = {isa = PBXBuildFile; fileRef = AAA06F5E1BD1F4E600620804 /* CGIHTTPResponse.swift */; };
		AAA06F621BD1FBDC00620804 /* CGIHTTPResponseTest.swift in Sources */ = {isa = PBXBuildFile; fileRef = AAA06F611BD1FBDC00620804 /* CGIHTTPResponseTest.swift */; };
		AAA06F641BD2A49200620804 /* CGIServer.swift in Sources */ = {isa = PBXBuildFile; fileRef = AAA06F631BD2A49200620804 /* CGIServer.swift */; };
		AAA06F651BD2A49200620804 /* CGIServer.swift in Sources */ = {isa = PBXBuildFile; fileRef = AAA06F631BD2A49200620804 /* CGIServer.swift */; };
		AAA06F681BD2B24300620804 /* CGIServerTest.swift in Sources */ = {isa = PBXBuildFile; fileRef = AAA06F671BD2B24300620804 /* CGIServerTest.swift */; };
		AAA06F6A1BD3FCC200620804 /* InputStream+Strings.swift in Sources */ = {isa = PBXBuildFile; fileRef = AAA06F691BD3FCC200620804 /* InputStream+Strings.swift */; };
		AAA06F6B1BD3FCC200620804 /* InputStream+Strings.swift in Sources */ = {isa = PBXBuildFile; fileRef = AAA06F691BD3FCC200620804 /* InputStream+Strings.swift */; };
		AAD34D911BB3B0AA00F81F17 /* SwiftCGI.framework in Frameworks */ = {isa = PBXBuildFile; fileRef = AAD34D861BB3B0AA00F81F17 /* SwiftCGI.framework */; };
/* End PBXBuildFile section */

/* Begin PBXContainerItemProxy section */
		AAD34D921BB3B0AA00F81F17 /* PBXContainerItemProxy */ = {
			isa = PBXContainerItemProxy;
			containerPortal = AAD34D7D1BB3B0AA00F81F17 /* Project object */;
			proxyType = 1;
			remoteGlobalIDString = AAD34D851BB3B0AA00F81F17;
			remoteInfo = SwiftCGI;
		};
/* End PBXContainerItemProxy section */

/* Begin PBXFileReference section */
		AA25099D1BE6DF8700E94307 /* FCGIRecord.swift */ = {isa = PBXFileReference; fileEncoding = 4; lastKnownFileType = sourcecode.swift; path = FCGIRecord.swift; sourceTree = "<group>"; };
		AA2509A01BE6E2EF00E94307 /* FCGIRecordBody.swift */ = {isa = PBXFileReference; fileEncoding = 4; lastKnownFileType = sourcecode.swift; path = FCGIRecordBody.swift; sourceTree = "<group>"; };
		AA2509A31BE723F100E94307 /* FCGIBeginRequestFlags.swift */ = {isa = PBXFileReference; fileEncoding = 4; lastKnownFileType = sourcecode.swift; path = FCGIBeginRequestFlags.swift; sourceTree = "<group>"; };
		AA2509A61BE7246400E94307 /* FCGIBeginRequestRole.swift */ = {isa = PBXFileReference; fileEncoding = 4; lastKnownFileType = sourcecode.swift; path = FCGIBeginRequestRole.swift; sourceTree = "<group>"; };
		AA2509A91BE724E500E94307 /* FCGIProtocolStatus.swift */ = {isa = PBXFileReference; fileEncoding = 4; lastKnownFileType = sourcecode.swift; path = FCGIProtocolStatus.swift; sourceTree = "<group>"; };
		AA2509AD1BE737DE00E94307 /* FCGIRecordBodyTest.swift */ = {isa = PBXFileReference; fileEncoding = 4; lastKnownFileType = sourcecode.swift; path = FCGIRecordBodyTest.swift; sourceTree = "<group>"; };
		AA2509AF1BE85B1C00E94307 /* FCGIRecordTest.swift */ = {isa = PBXFileReference; fileEncoding = 4; lastKnownFileType = sourcecode.swift; path = FCGIRecordTest.swift; sourceTree = "<group>"; };
		AA2509B11BE86FB000E94307 /* FCGINameValueSerialization.swift */ = {isa = PBXFileReference; fileEncoding = 4; lastKnownFileType = sourcecode.swift; path = FCGINameValueSerialization.swift; sourceTree = "<group>"; };
		AA2509B41BE9BEF400E94307 /* FCGINameValueSerializationTest.swift */ = {isa = PBXFileReference; fileEncoding = 4; lastKnownFileType = sourcecode.swift; path = FCGINameValueSerializationTest.swift; sourceTree = "<group>"; };
		AA2509B71BEE73A100E94307 /* FCGIRecordOutputStream.swift */ = {isa = PBXFileReference; fileEncoding = 4; lastKnownFileType = sourcecode.swift; path = FCGIRecordOutputStream.swift; sourceTree = "<group>"; };
		AA2509BA1BEED16400E94307 /* FCGIRecordOutputStreamTest.swift */ = {isa = PBXFileReference; fileEncoding = 4; lastKnownFileType = sourcecode.swift; path = FCGIRecordOutputStreamTest.swift; sourceTree = "<group>"; };
		AA2509BC1BEFA32F00E94307 /* FCGIRecordInputStream.swift */ = {isa = PBXFileReference; fileEncoding = 4; lastKnownFileType = sourcecode.swift; path = FCGIRecordInputStream.swift; sourceTree = "<group>"; };
		AA2509BF1BEFD12D00E94307 /* FCGIError.swift */ = {isa = PBXFileReference; fileEncoding = 4; lastKnownFileType = sourcecode.swift; path = FCGIError.swift; sourceTree = "<group>"; };
		AA2509C21BEFD6F300E94307 /* FCGIRecordInputStreamTest.swift */ = {isa = PBXFileReference; fileEncoding = 4; lastKnownFileType = sourcecode.swift; path = FCGIRecordInputStreamTest.swift; sourceTree = "<group>"; };
		AA2509C41BF00D9100E94307 /* FCGIRequestHandler.swift */ = {isa = PBXFileReference; fileEncoding = 4; lastKnownFileType = sourcecode.swift; path = FCGIRequestHandler.swift; sourceTree = "<group>"; };
		AA2509C71BF16BD400E94307 /* FCGIRequestHandlerTest.swift */ = {isa = PBXFileReference; fileEncoding = 4; lastKnownFileType = sourcecode.swift; path = FCGIRequestHandlerTest.swift; sourceTree = "<group>"; };
		AA2509C91BF2C28500E94307 /* FCGIServer.swift */ = {isa = PBXFileReference; fileEncoding = 4; lastKnownFileType = sourcecode.swift; path = FCGIServer.swift; sourceTree = "<group>"; };
		AA2509CC1BF4E1A200E94307 /* DateTime.swift */ = {isa = PBXFileReference; fileEncoding = 4; lastKnownFileType = sourcecode.swift; path = DateTime.swift; sourceTree = "<group>"; };
		AA2509CF1BF4F33100E94307 /* DateTimeTest.swift */ = {isa = PBXFileReference; fileEncoding = 4; lastKnownFileType = sourcecode.swift; path = DateTimeTest.swift; sourceTree = "<group>"; };
		AA2509D11BF50F5700E94307 /* DateTimeComponents.swift */ = {isa = PBXFileReference; fileEncoding = 4; lastKnownFileType = sourcecode.swift; path = DateTimeComponents.swift; sourceTree = "<group>"; };
		AA2509D41BF5601A00E94307 /* Hasher.swift */ = {isa = PBXFileReference; fileEncoding = 4; lastKnownFileType = sourcecode.swift; path = Hasher.swift; sourceTree = "<group>"; };
		AA2509D71BF5770D00E94307 /* HasherTest.swift */ = {isa = PBXFileReference; fileEncoding = 4; lastKnownFileType = sourcecode.swift; path = HasherTest.swift; sourceTree = "<group>"; };
		AA2509D91BF67EC900E94307 /* DateTimeComponentsTest.swift */ = {isa = PBXFileReference; fileEncoding = 4; lastKnownFileType = sourcecode.swift; path = DateTimeComponentsTest.swift; sourceTree = "<group>"; };
		AA27D2931BD9E65D00028A42 /* BufferingInputStreamTest.swift */ = {isa = PBXFileReference; fileEncoding = 4; lastKnownFileType = sourcecode.swift; path = BufferingInputStreamTest.swift; sourceTree = "<group>"; };
		AA6230EB1BD4483A0094B96C /* InputStream+StringsTest.swift */ = {isa = PBXFileReference; fileEncoding = 4; lastKnownFileType = sourcecode.swift; path = "InputStream+StringsTest.swift"; sourceTree = "<group>"; };
		AA6230ED1BD5CA150094B96C /* BufferingOutputStream.swift */ = {isa = PBXFileReference; fileEncoding = 4; lastKnownFileType = sourcecode.swift; path = BufferingOutputStream.swift; sourceTree = "<group>"; };
		AA6230F01BD5E0820094B96C /* BufferingOutputStreamTest.swift */ = {isa = PBXFileReference; fileEncoding = 4; lastKnownFileType = sourcecode.swift; path = BufferingOutputStreamTest.swift; sourceTree = "<group>"; };
		AA6230F21BD72E380094B96C /* BufferingInputStream.swift */ = {isa = PBXFileReference; fileEncoding = 4; lastKnownFileType = sourcecode.swift; path = BufferingInputStream.swift; sourceTree = "<group>"; };
		AAA06EC91BBE25AE00620804 /* String+URLEncoding.swift */ = {isa = PBXFileReference; fileEncoding = 4; lastKnownFileType = sourcecode.swift; path = "String+URLEncoding.swift"; sourceTree = "<group>"; };
		AAA06ECD1BBE25BC00620804 /* String+URLEncodingTest.swift */ = {isa = PBXFileReference; fileEncoding = 4; lastKnownFileType = sourcecode.swift; path = "String+URLEncodingTest.swift"; sourceTree = "<group>"; };
		AAA06ED21BBF534F00620804 /* IOError.swift */ = {isa = PBXFileReference; fileEncoding = 4; lastKnownFileType = sourcecode.swift; path = IOError.swift; sourceTree = "<group>"; };
		AAA06ED31BBF534F00620804 /* InputStream.swift */ = {isa = PBXFileReference; fileEncoding = 4; lastKnownFileType = sourcecode.swift; path = InputStream.swift; sourceTree = "<group>"; };
		AAA06EE01BC3800200620804 /* XCTestErrorAssertions.swift */ = {isa = PBXFileReference; fileEncoding = 4; lastKnownFileType = sourcecode.swift; path = XCTestErrorAssertions.swift; sourceTree = "<group>"; };
		AAA06EE21BC6016100620804 /* InputStream+Primitives.swift */ = {isa = PBXFileReference; fileEncoding = 4; lastKnownFileType = sourcecode.swift; path = "InputStream+Primitives.swift"; sourceTree = "<group>"; };
		AAA06EE51BC6A67300620804 /* SeekOrigin.swift */ = {isa = PBXFileReference; fileEncoding = 4; lastKnownFileType = sourcecode.swift; path = SeekOrigin.swift; sourceTree = "<group>"; };
		AAA06EE91BC75F9900620804 /* InputStream+PrimitivesTest.swift */ = {isa = PBXFileReference; fileEncoding = 4; lastKnownFileType = sourcecode.swift; path = "InputStream+PrimitivesTest.swift"; sourceTree = "<group>"; };
		AAA06EEB1BC765D700620804 /* OutputStream+Primitives.swift */ = {isa = PBXFileReference; fileEncoding = 4; lastKnownFileType = sourcecode.swift; path = "OutputStream+Primitives.swift"; sourceTree = "<group>"; };
		AAA06EEE1BC7664D00620804 /* OutputStream.swift */ = {isa = PBXFileReference; fileEncoding = 4; lastKnownFileType = sourcecode.swift; path = OutputStream.swift; sourceTree = "<group>"; };
		AAA06EF11BC77B4C00620804 /* OutputStream+PrimitivesTest.swift */ = {isa = PBXFileReference; fileEncoding = 4; lastKnownFileType = sourcecode.swift; path = "OutputStream+PrimitivesTest.swift"; sourceTree = "<group>"; };
		AAA06EF51BC8AA9B00620804 /* Thread.swift */ = {isa = PBXFileReference; fileEncoding = 4; lastKnownFileType = sourcecode.swift; path = Thread.swift; sourceTree = "<group>"; };
		AAA06F011BC8C58100620804 /* HTTPStatus.swift */ = {isa = PBXFileReference; fileEncoding = 4; lastKnownFileType = sourcecode.swift; path = HTTPStatus.swift; sourceTree = "<group>"; };
		AAA06F0E1BC95C3E00620804 /* HTTPStatus+Predefined.swift */ = {isa = PBXFileReference; fileEncoding = 4; lastKnownFileType = sourcecode.swift; path = "HTTPStatus+Predefined.swift"; sourceTree = "<group>"; };
		AAA06F181BC968A200620804 /* HTTPStatusTest.swift */ = {isa = PBXFileReference; fileEncoding = 4; lastKnownFileType = sourcecode.swift; path = HTTPStatusTest.swift; sourceTree = "<group>"; };
		AAA06F1A1BC9E64E00620804 /* HTTPMethod.swift */ = {isa = PBXFileReference; fileEncoding = 4; lastKnownFileType = sourcecode.swift; path = HTTPMethod.swift; sourceTree = "<group>"; };
		AAA06F1D1BCABF2600620804 /* HTTPMethodTest.swift */ = {isa = PBXFileReference; fileEncoding = 4; lastKnownFileType = sourcecode.swift; path = HTTPMethodTest.swift; sourceTree = "<group>"; };
		AAA06F201BCAC5B700620804 /* HTTPHeaders.swift */ = {isa = PBXFileReference; fileEncoding = 4; lastKnownFileType = sourcecode.swift; path = HTTPHeaders.swift; sourceTree = "<group>"; };
		AAA06F231BCADC9B00620804 /* HTTPHeadersTest.swift */ = {isa = PBXFileReference; fileEncoding = 4; lastKnownFileType = sourcecode.swift; path = HTTPHeadersTest.swift; sourceTree = "<group>"; };
		AAA06F251BCAF89700620804 /* HTTPRequest.swift */ = {isa = PBXFileReference; fileEncoding = 4; lastKnownFileType = sourcecode.swift; path = HTTPRequest.swift; sourceTree = "<group>"; };
		AAA06F281BCB1A4B00620804 /* HTTPResponse.swift */ = {isa = PBXFileReference; fileEncoding = 4; lastKnownFileType = sourcecode.swift; path = HTTPResponse.swift; sourceTree = "<group>"; };
		AAA06F2C1BCB234200620804 /* CGIHTTPRequest.swift */ = {isa = PBXFileReference; fileEncoding = 4; lastKnownFileType = sourcecode.swift; path = CGIHTTPRequest.swift; sourceTree = "<group>"; };
		AAA06F2F1BCB55DC00620804 /* HTTPHeaders+CGIEnvironment.swift */ = {isa = PBXFileReference; fileEncoding = 4; lastKnownFileType = sourcecode.swift; path = "HTTPHeaders+CGIEnvironment.swift"; sourceTree = "<group>"; };
		AAA06F331BCB71C700620804 /* HTTPHeaders+CGIEnvironmentTest.swift */ = {isa = PBXFileReference; fileEncoding = 4; lastKnownFileType = sourcecode.swift; path = "HTTPHeaders+CGIEnvironmentTest.swift"; sourceTree = "<group>"; };
		AAA06F351BCC843C00620804 /* CGIHTTPRequestTest.swift */ = {isa = PBXFileReference; fileEncoding = 4; lastKnownFileType = sourcecode.swift; path = CGIHTTPRequestTest.swift; sourceTree = "<group>"; };
		AAA06F371BCC84ED00620804 /* TestInputStream.swift */ = {isa = PBXFileReference; fileEncoding = 4; lastKnownFileType = sourcecode.swift; path = TestInputStream.swift; sourceTree = "<group>"; };
		AAA06F3B1BCC9E5200620804 /* ServerProtocol.swift */ = {isa = PBXFileReference; fileEncoding = 4; lastKnownFileType = sourcecode.swift; path = ServerProtocol.swift; sourceTree = "<group>"; };
		AAA06F3E1BCCA20700620804 /* Server.swift */ = {isa = PBXFileReference; fileEncoding = 4; lastKnownFileType = sourcecode.swift; path = Server.swift; sourceTree = "<group>"; };
		AAA06F441BCE098700620804 /* FileInputStream.swift */ = {isa = PBXFileReference; fileEncoding = 4; lastKnownFileType = sourcecode.swift; path = FileInputStream.swift; sourceTree = "<group>"; };
		AAA06F471BCE9E6E00620804 /* FileOutputStream.swift */ = {isa = PBXFileReference; fileEncoding = 4; lastKnownFileType = sourcecode.swift; path = FileOutputStream.swift; sourceTree = "<group>"; };
		AAA06F4B1BCEA26700620804 /* WriteNotifyingOutputStream.swift */ = {isa = PBXFileReference; fileEncoding = 4; lastKnownFileType = sourcecode.swift; path = WriteNotifyingOutputStream.swift; sourceTree = "<group>"; };
		AAA06F4E1BCEA28700620804 /* WriteNotifyingOutputStreamDelegate.swift */ = {isa = PBXFileReference; fileEncoding = 4; lastKnownFileType = sourcecode.swift; path = WriteNotifyingOutputStreamDelegate.swift; sourceTree = "<group>"; };
		AAA06F521BCF3ACF00620804 /* WriteNotifyingOutputStreamTest.swift */ = {isa = PBXFileReference; fileEncoding = 4; lastKnownFileType = sourcecode.swift; path = WriteNotifyingOutputStreamTest.swift; sourceTree = "<group>"; };
		AAA06F541BCF47A300620804 /* TestOutputStream.swift */ = {isa = PBXFileReference; fileEncoding = 4; lastKnownFileType = sourcecode.swift; path = TestOutputStream.swift; sourceTree = "<group>"; };
		AAA06F591BD0948400620804 /* OutputStream+Strings.swift */ = {isa = PBXFileReference; fileEncoding = 4; lastKnownFileType = sourcecode.swift; path = "OutputStream+Strings.swift"; sourceTree = "<group>"; };
		AAA06F5C1BD1EE5C00620804 /* OutputStream+StringsTest.swift */ = {isa = PBXFileReference; fileEncoding = 4; lastKnownFileType = sourcecode.swift; path = "OutputStream+StringsTest.swift"; sourceTree = "<group>"; };
		AAA06F5E1BD1F4E600620804 /* CGIHTTPResponse.swift */ = {isa = PBXFileReference; fileEncoding = 4; lastKnownFileType = sourcecode.swift; path = CGIHTTPResponse.swift; sourceTree = "<group>"; };
		AAA06F611BD1FBDC00620804 /* CGIHTTPResponseTest.swift */ = {isa = PBXFileReference; fileEncoding = 4; lastKnownFileType = sourcecode.swift; path = CGIHTTPResponseTest.swift; sourceTree = "<group>"; };
		AAA06F631BD2A49200620804 /* CGIServer.swift */ = {isa = PBXFileReference; fileEncoding = 4; lastKnownFileType = sourcecode.swift; path = CGIServer.swift; sourceTree = "<group>"; };
		AAA06F671BD2B24300620804 /* CGIServerTest.swift */ = {isa = PBXFileReference; fileEncoding = 4; lastKnownFileType = sourcecode.swift; path = CGIServerTest.swift; sourceTree = "<group>"; };
		AAA06F691BD3FCC200620804 /* InputStream+Strings.swift */ = {isa = PBXFileReference; fileEncoding = 4; lastKnownFileType = sourcecode.swift; path = "InputStream+Strings.swift"; sourceTree = "<group>"; };
		AAD34D861BB3B0AA00F81F17 /* SwiftCGI.framework */ = {isa = PBXFileReference; explicitFileType = wrapper.framework; includeInIndex = 0; path = SwiftCGI.framework; sourceTree = BUILT_PRODUCTS_DIR; };
		AAD34D8B1BB3B0AA00F81F17 /* Info.plist */ = {isa = PBXFileReference; lastKnownFileType = text.plist.xml; path = Info.plist; sourceTree = "<group>"; };
		AAD34D901BB3B0AA00F81F17 /* SwiftCGITests.xctest */ = {isa = PBXFileReference; explicitFileType = wrapper.cfbundle; includeInIndex = 0; path = SwiftCGITests.xctest; sourceTree = BUILT_PRODUCTS_DIR; };
		AAD34D971BB3B0AA00F81F17 /* Info.plist */ = {isa = PBXFileReference; lastKnownFileType = text.plist.xml; path = Info.plist; sourceTree = "<group>"; };
/* End PBXFileReference section */

/* Begin PBXFrameworksBuildPhase section */
		AAD34D821BB3B0AA00F81F17 /* Frameworks */ = {
			isa = PBXFrameworksBuildPhase;
			buildActionMask = 2147483647;
			files = (
			);
			runOnlyForDeploymentPostprocessing = 0;
		};
		AAD34D8D1BB3B0AA00F81F17 /* Frameworks */ = {
			isa = PBXFrameworksBuildPhase;
			buildActionMask = 2147483647;
			files = (
				AAD34D911BB3B0AA00F81F17 /* SwiftCGI.framework in Frameworks */,
			);
			runOnlyForDeploymentPostprocessing = 0;
		};
/* End PBXFrameworksBuildPhase section */

/* Begin PBXGroup section */
		AA25099C1BE6DDDE00E94307 /* FastCGI */ = {
			isa = PBXGroup;
			children = (
				AA2509A31BE723F100E94307 /* FCGIBeginRequestFlags.swift */,
				AA2509A61BE7246400E94307 /* FCGIBeginRequestRole.swift */,
				AA2509BF1BEFD12D00E94307 /* FCGIError.swift */,
				AA2509B11BE86FB000E94307 /* FCGINameValueSerialization.swift */,
				AA2509A91BE724E500E94307 /* FCGIProtocolStatus.swift */,
				AA25099D1BE6DF8700E94307 /* FCGIRecord.swift */,
				AA2509A01BE6E2EF00E94307 /* FCGIRecordBody.swift */,
				AA2509BC1BEFA32F00E94307 /* FCGIRecordInputStream.swift */,
				AA2509B71BEE73A100E94307 /* FCGIRecordOutputStream.swift */,
				AA2509C41BF00D9100E94307 /* FCGIRequestHandler.swift */,
			);
			path = FastCGI;
			sourceTree = "<group>";
		};
		AA2509AC1BE736AD00E94307 /* FastCGI */ = {
			isa = PBXGroup;
			children = (
				AA2509B41BE9BEF400E94307 /* FCGINameValueSerializationTest.swift */,
				AA2509AD1BE737DE00E94307 /* FCGIRecordBodyTest.swift */,
				AA2509C21BEFD6F300E94307 /* FCGIRecordInputStreamTest.swift */,
				AA2509BA1BEED16400E94307 /* FCGIRecordOutputStreamTest.swift */,
				AA2509AF1BE85B1C00E94307 /* FCGIRecordTest.swift */,
				AA2509C71BF16BD400E94307 /* FCGIRequestHandlerTest.swift */,
			);
			path = FastCGI;
			sourceTree = "<group>";
		};
		AAA06EBB1BBE220100620804 /* Internal */ = {
			isa = PBXGroup;
			children = (
				AAA06F2B1BCB229A00620804 /* CGI */,
				AA25099C1BE6DDDE00E94307 /* FastCGI */,
				AAA06F4A1BCEA25600620804 /* IO */,
				AAA06F3A1BCC9E0C00620804 /* Server */,
			);
			path = Internal;
			sourceTree = "<group>";
		};
		AAA06EC71BBE221800620804 /* Internal */ = {
			isa = PBXGroup;
			children = (
				AAA06F321BCB70C600620804 /* CGI */,
				AA2509AC1BE736AD00E94307 /* FastCGI */,
				AAA06F511BCF3A6900620804 /* IO */,
				AAA06F661BD2B23300620804 /* Server */,
			);
			path = Internal;
			sourceTree = "<group>";
		};
		AAA06EC81BBE25AE00620804 /* Core */ = {
			isa = PBXGroup;
			children = (
				AA2509CC1BF4E1A200E94307 /* DateTime.swift */,
				AA2509D11BF50F5700E94307 /* DateTimeComponents.swift */,
				AA2509D41BF5601A00E94307 /* Hasher.swift */,
				AAA06EC91BBE25AE00620804 /* String+URLEncoding.swift */,
			);
			path = Core;
			sourceTree = "<group>";
		};
		AAA06ECC1BBE25BC00620804 /* Core */ = {
			isa = PBXGroup;
			children = (
				AA2509D91BF67EC900E94307 /* DateTimeComponentsTest.swift */,
				AA2509CF1BF4F33100E94307 /* DateTimeTest.swift */,
				AA2509D71BF5770D00E94307 /* HasherTest.swift */,
				AAA06ECD1BBE25BC00620804 /* String+URLEncodingTest.swift */,
			);
			path = Core;
			sourceTree = "<group>";
		};
		AAA06ED01BBF534F00620804 /* IO */ = {
			isa = PBXGroup;
			children = (
				AA6230F21BD72E380094B96C /* BufferingInputStream.swift */,
				AA6230ED1BD5CA150094B96C /* BufferingOutputStream.swift */,
				AAA06F441BCE098700620804 /* FileInputStream.swift */,
				AAA06F471BCE9E6E00620804 /* FileOutputStream.swift */,
				AAA06ED31BBF534F00620804 /* InputStream.swift */,
				AAA06EE21BC6016100620804 /* InputStream+Primitives.swift */,
				AAA06F691BD3FCC200620804 /* InputStream+Strings.swift */,
				AAA06ED21BBF534F00620804 /* IOError.swift */,
				AAA06EEE1BC7664D00620804 /* OutputStream.swift */,
				AAA06EEB1BC765D700620804 /* OutputStream+Primitives.swift */,
				AAA06F591BD0948400620804 /* OutputStream+Strings.swift */,
				AAA06EE51BC6A67300620804 /* SeekOrigin.swift */,
			);
			path = IO;
			sourceTree = "<group>";
		};
		AAA06EDF1BC37FD900620804 /* Support */ = {
			isa = PBXGroup;
			children = (
				AAA06F371BCC84ED00620804 /* TestInputStream.swift */,
				AAA06F541BCF47A300620804 /* TestOutputStream.swift */,
				AAA06EE01BC3800200620804 /* XCTestErrorAssertions.swift */,
			);
			path = Support;
			sourceTree = "<group>";
		};
		AAA06EE81BC75F9900620804 /* IO */ = {
			isa = PBXGroup;
			children = (
				AA27D2931BD9E65D00028A42 /* BufferingInputStreamTest.swift */,
				AA6230F01BD5E0820094B96C /* BufferingOutputStreamTest.swift */,
				AAA06EE91BC75F9900620804 /* InputStream+PrimitivesTest.swift */,
				AA6230EB1BD4483A0094B96C /* InputStream+StringsTest.swift */,
				AAA06EF11BC77B4C00620804 /* OutputStream+PrimitivesTest.swift */,
				AAA06F5C1BD1EE5C00620804 /* OutputStream+StringsTest.swift */,
			);
			path = IO;
			sourceTree = "<group>";
		};
		AAA06EF41BC8AA8C00620804 /* Concurrency */ = {
			isa = PBXGroup;
			children = (
				AAA06EF51BC8AA9B00620804 /* Thread.swift */,
			);
			path = Concurrency;
			sourceTree = "<group>";
		};
		AAA06EF81BC8B5E400620804 /* Concurrency */ = {
			isa = PBXGroup;
			children = (
			);
			path = Concurrency;
			sourceTree = "<group>";
		};
		AAA06EFB1BC8C58100620804 /* HTTP */ = {
			isa = PBXGroup;
			children = (
				AAA06F201BCAC5B700620804 /* HTTPHeaders.swift */,
				AAA06F1A1BC9E64E00620804 /* HTTPMethod.swift */,
				AAA06F251BCAF89700620804 /* HTTPRequest.swift */,
				AAA06F281BCB1A4B00620804 /* HTTPResponse.swift */,
				AAA06F011BC8C58100620804 /* HTTPStatus.swift */,
				AAA06F0E1BC95C3E00620804 /* HTTPStatus+Predefined.swift */,
			);
			path = HTTP;
			sourceTree = "<group>";
		};
		AAA06F111BC9688000620804 /* HTTP */ = {
			isa = PBXGroup;
			children = (
				AAA06F231BCADC9B00620804 /* HTTPHeadersTest.swift */,
				AAA06F1D1BCABF2600620804 /* HTTPMethodTest.swift */,
				AAA06F181BC968A200620804 /* HTTPStatusTest.swift */,
			);
			path = HTTP;
			sourceTree = "<group>";
		};
		AAA06F2B1BCB229A00620804 /* CGI */ = {
			isa = PBXGroup;
			children = (
				AAA06F2C1BCB234200620804 /* CGIHTTPRequest.swift */,
				AAA06F5E1BD1F4E600620804 /* CGIHTTPResponse.swift */,
				AAA06F2F1BCB55DC00620804 /* HTTPHeaders+CGIEnvironment.swift */,
			);
			path = CGI;
			sourceTree = "<group>";
		};
		AAA06F321BCB70C600620804 /* CGI */ = {
			isa = PBXGroup;
			children = (
				AAA06F351BCC843C00620804 /* CGIHTTPRequestTest.swift */,
				AAA06F611BD1FBDC00620804 /* CGIHTTPResponseTest.swift */,
				AAA06F331BCB71C700620804 /* HTTPHeaders+CGIEnvironmentTest.swift */,
			);
			path = CGI;
			sourceTree = "<group>";
		};
		AAA06F391BCC9DF200620804 /* Server */ = {
			isa = PBXGroup;
			children = (
				AAA06F3E1BCCA20700620804 /* Server.swift */,
			);
			path = Server;
			sourceTree = "<group>";
		};
		AAA06F3A1BCC9E0C00620804 /* Server */ = {
			isa = PBXGroup;
			children = (
				AAA06F631BD2A49200620804 /* CGIServer.swift */,
				AA2509C91BF2C28500E94307 /* FCGIServer.swift */,
				AAA06F3B1BCC9E5200620804 /* ServerProtocol.swift */,
			);
			name = Server;
			path = SwiftCGI/Internal/Server;
			sourceTree = SOURCE_ROOT;
		};
		AAA06F4A1BCEA25600620804 /* IO */ = {
			isa = PBXGroup;
			children = (
				AAA06F4B1BCEA26700620804 /* WriteNotifyingOutputStream.swift */,
				AAA06F4E1BCEA28700620804 /* WriteNotifyingOutputStreamDelegate.swift */,
			);
			path = IO;
			sourceTree = "<group>";
		};
		AAA06F511BCF3A6900620804 /* IO */ = {
			isa = PBXGroup;
			children = (
				AAA06F521BCF3ACF00620804 /* WriteNotifyingOutputStreamTest.swift */,
			);
			path = IO;
			sourceTree = "<group>";
		};
		AAA06F661BD2B23300620804 /* Server */ = {
			isa = PBXGroup;
			children = (
				AAA06F671BD2B24300620804 /* CGIServerTest.swift */,
			);
			path = Server;
			sourceTree = "<group>";
		};
		AAD34D7C1BB3B0AA00F81F17 = {
			isa = PBXGroup;
			children = (
				AAD34D881BB3B0AA00F81F17 /* SwiftCGI */,
				AAD34D941BB3B0AA00F81F17 /* SwiftCGITests */,
				AAD34D871BB3B0AA00F81F17 /* Products */,
			);
			sourceTree = "<group>";
		};
		AAD34D871BB3B0AA00F81F17 /* Products */ = {
			isa = PBXGroup;
			children = (
				AAD34D861BB3B0AA00F81F17 /* SwiftCGI.framework */,
				AAD34D901BB3B0AA00F81F17 /* SwiftCGITests.xctest */,
			);
			name = Products;
			sourceTree = "<group>";
		};
		AAD34D881BB3B0AA00F81F17 /* SwiftCGI */ = {
			isa = PBXGroup;
			children = (
				AAA06EBB1BBE220100620804 /* Internal */,
				AAD34DA41BB3B21300F81F17 /* Public */,
				AAD34D8B1BB3B0AA00F81F17 /* Info.plist */,
			);
			path = SwiftCGI;
			sourceTree = "<group>";
		};
		AAD34D941BB3B0AA00F81F17 /* SwiftCGITests */ = {
			isa = PBXGroup;
			children = (
				AAA06EC71BBE221800620804 /* Internal */,
				AAD34DD91BB6FAE800F81F17 /* Public */,
				AAA06EDF1BC37FD900620804 /* Support */,
				AAD34D971BB3B0AA00F81F17 /* Info.plist */,
			);
			path = SwiftCGITests;
			sourceTree = "<group>";
		};
		AAD34DA41BB3B21300F81F17 /* Public */ = {
			isa = PBXGroup;
			children = (
				AAA06EF41BC8AA8C00620804 /* Concurrency */,
				AAA06EC81BBE25AE00620804 /* Core */,
				AAA06EFB1BC8C58100620804 /* HTTP */,
				AAA06ED01BBF534F00620804 /* IO */,
				AAA06F391BCC9DF200620804 /* Server */,
			);
			path = Public;
			sourceTree = "<group>";
		};
		AAD34DD91BB6FAE800F81F17 /* Public */ = {
			isa = PBXGroup;
			children = (
				AAA06EF81BC8B5E400620804 /* Concurrency */,
				AAA06ECC1BBE25BC00620804 /* Core */,
				AAA06F111BC9688000620804 /* HTTP */,
				AAA06EE81BC75F9900620804 /* IO */,
			);
			path = Public;
			sourceTree = "<group>";
		};
/* End PBXGroup section */

/* Begin PBXHeadersBuildPhase section */
		AAD34D831BB3B0AA00F81F17 /* Headers */ = {
			isa = PBXHeadersBuildPhase;
			buildActionMask = 2147483647;
			files = (
			);
			runOnlyForDeploymentPostprocessing = 0;
		};
/* End PBXHeadersBuildPhase section */

/* Begin PBXNativeTarget section */
		AAD34D851BB3B0AA00F81F17 /* SwiftCGI */ = {
			isa = PBXNativeTarget;
			buildConfigurationList = AAD34D9A1BB3B0AA00F81F17 /* Build configuration list for PBXNativeTarget "SwiftCGI" */;
			buildPhases = (
				AAD34D811BB3B0AA00F81F17 /* Sources */,
				AAD34D821BB3B0AA00F81F17 /* Frameworks */,
				AAD34D831BB3B0AA00F81F17 /* Headers */,
				AAD34D841BB3B0AA00F81F17 /* Resources */,
			);
			buildRules = (
			);
			dependencies = (
			);
			name = SwiftCGI;
			productName = SwiftCGI;
			productReference = AAD34D861BB3B0AA00F81F17 /* SwiftCGI.framework */;
			productType = "com.apple.product-type.framework";
		};
		AAD34D8F1BB3B0AA00F81F17 /* SwiftCGITests */ = {
			isa = PBXNativeTarget;
			buildConfigurationList = AAD34D9D1BB3B0AA00F81F17 /* Build configuration list for PBXNativeTarget "SwiftCGITests" */;
			buildPhases = (
				AAD34D8C1BB3B0AA00F81F17 /* Sources */,
				AAD34D8D1BB3B0AA00F81F17 /* Frameworks */,
				AAD34D8E1BB3B0AA00F81F17 /* Resources */,
			);
			buildRules = (
			);
			dependencies = (
				AAD34D931BB3B0AA00F81F17 /* PBXTargetDependency */,
			);
			name = SwiftCGITests;
			productName = SwiftCGITests;
			productReference = AAD34D901BB3B0AA00F81F17 /* SwiftCGITests.xctest */;
			productType = "com.apple.product-type.bundle.unit-test";
		};
/* End PBXNativeTarget section */

/* Begin PBXProject section */
		AAD34D7D1BB3B0AA00F81F17 /* Project object */ = {
			isa = PBXProject;
			attributes = {
				LastSwiftUpdateCheck = 0700;
				LastUpgradeCheck = 0700;
				ORGANIZATIONNAME = "Tony Allevato";
				TargetAttributes = {
					AAD34D851BB3B0AA00F81F17 = {
						CreatedOnToolsVersion = 7.0;
					};
					AAD34D8F1BB3B0AA00F81F17 = {
						CreatedOnToolsVersion = 7.0;
					};
				};
			};
			buildConfigurationList = AAD34D801BB3B0AA00F81F17 /* Build configuration list for PBXProject "SwiftCGI" */;
			compatibilityVersion = "Xcode 3.2";
			developmentRegion = English;
			hasScannedForEncodings = 0;
			knownRegions = (
				en,
			);
			mainGroup = AAD34D7C1BB3B0AA00F81F17;
			productRefGroup = AAD34D871BB3B0AA00F81F17 /* Products */;
			projectDirPath = "";
			projectRoot = "";
			targets = (
				AAD34D851BB3B0AA00F81F17 /* SwiftCGI */,
				AAD34D8F1BB3B0AA00F81F17 /* SwiftCGITests */,
			);
		};
/* End PBXProject section */

/* Begin PBXResourcesBuildPhase section */
		AAD34D841BB3B0AA00F81F17 /* Resources */ = {
			isa = PBXResourcesBuildPhase;
			buildActionMask = 2147483647;
			files = (
			);
			runOnlyForDeploymentPostprocessing = 0;
		};
		AAD34D8E1BB3B0AA00F81F17 /* Resources */ = {
			isa = PBXResourcesBuildPhase;
			buildActionMask = 2147483647;
			files = (
			);
			runOnlyForDeploymentPostprocessing = 0;
		};
/* End PBXResourcesBuildPhase section */

/* Begin PBXSourcesBuildPhase section */
		AAD34D811BB3B0AA00F81F17 /* Sources */ = {
			isa = PBXSourcesBuildPhase;
			buildActionMask = 2147483647;
			files = (
				AAA06F3C1BCC9E5200620804 /* ServerProtocol.swift in Sources */,
				AAA06F211BCAC5B700620804 /* HTTPHeaders.swift in Sources */,
				AA2509BD1BEFA32F00E94307 /* FCGIRecordInputStream.swift in Sources */,
				AAA06F4C1BCEA26700620804 /* WriteNotifyingOutputStream.swift in Sources */,
				AA2509D51BF5601A00E94307 /* Hasher.swift in Sources */,
				AAA06F481BCE9E6E00620804 /* FileOutputStream.swift in Sources */,
				AAA06EEF1BC7664D00620804 /* OutputStream.swift in Sources */,
				AA6230F31BD72E380094B96C /* BufferingInputStream.swift in Sources */,
				AAA06EEC1BC765D700620804 /* OutputStream+Primitives.swift in Sources */,
				AAA06F261BCAF89700620804 /* HTTPRequest.swift in Sources */,
				AAA06F641BD2A49200620804 /* CGIServer.swift in Sources */,
				AAA06EE61BC6A67300620804 /* SeekOrigin.swift in Sources */,
				AA2509CD1BF4E1A200E94307 /* DateTime.swift in Sources */,
				AA2509C51BF00D9100E94307 /* FCGIRequestHandler.swift in Sources */,
				AAA06F1B1BC9E64E00620804 /* HTTPMethod.swift in Sources */,
				AA2509B21BE86FB000E94307 /* FCGINameValueSerialization.swift in Sources */,
				AAA06EE31BC6016100620804 /* InputStream+Primitives.swift in Sources */,
				AAA06F6A1BD3FCC200620804 /* InputStream+Strings.swift in Sources */,
				AAA06ECA1BBE25AE00620804 /* String+URLEncoding.swift in Sources */,
				AA2509A71BE7246400E94307 /* FCGIBeginRequestRole.swift in Sources */,
				AA2509AA1BE724E500E94307 /* FCGIProtocolStatus.swift in Sources */,
				AAA06F0F1BC95C3E00620804 /* HTTPStatus+Predefined.swift in Sources */,
				AA25099E1BE6DF8700E94307 /* FCGIRecord.swift in Sources */,
				AA2509C01BEFD12D00E94307 /* FCGIError.swift in Sources */,
				AAA06ED71BBF534F00620804 /* IOError.swift in Sources */,
				AA2509CA1BF2C28500E94307 /* FCGIServer.swift in Sources */,
				AAA06F4F1BCEA28700620804 /* WriteNotifyingOutputStreamDelegate.swift in Sources */,
				AAA06F5A1BD0948400620804 /* OutputStream+Strings.swift in Sources */,
				AA2509D21BF50F5700E94307 /* DateTimeComponents.swift in Sources */,
				AA2509A11BE6E2EF00E94307 /* FCGIRecordBody.swift in Sources */,
				AAA06F451BCE098700620804 /* FileInputStream.swift in Sources */,
				AAA06ED91BBF534F00620804 /* InputStream.swift in Sources */,
				AA6230EE1BD5CA150094B96C /* BufferingOutputStream.swift in Sources */,
				AAA06EF61BC8AA9B00620804 /* Thread.swift in Sources */,
				AAA06F5F1BD1F4E600620804 /* CGIHTTPResponse.swift in Sources */,
				AAA06F2D1BCB234200620804 /* CGIHTTPRequest.swift in Sources */,
				AAA06F301BCB55DC00620804 /* HTTPHeaders+CGIEnvironment.swift in Sources */,
				AAA06F291BCB1A4B00620804 /* HTTPResponse.swift in Sources */,
				AA2509A41BE723F100E94307 /* FCGIBeginRequestFlags.swift in Sources */,
				AAA06F3F1BCCA20700620804 /* Server.swift in Sources */,
				AAA06F0C1BC8C58100620804 /* HTTPStatus.swift in Sources */,
				AA2509B81BEE73A100E94307 /* FCGIRecordOutputStream.swift in Sources */,
			);
			runOnlyForDeploymentPostprocessing = 0;
		};
		AAD34D8C1BB3B0AA00F81F17 /* Sources */ = {
			isa = PBXSourcesBuildPhase;
			buildActionMask = 2147483647;
			files = (
				AAA06F221BCAC5B700620804 /* HTTPHeaders.swift in Sources */,
				AAA06EE11BC3800200620804 /* XCTestErrorAssertions.swift in Sources */,
				AAA06F491BCE9E6E00620804 /* FileOutputStream.swift in Sources */,
				AAA06F5B1BD0948400620804 /* OutputStream+Strings.swift in Sources */,
				AA6230EF1BD5CA150094B96C /* BufferingOutputStream.swift in Sources */,
				AAA06F651BD2A49200620804 /* CGIServer.swift in Sources */,
				AAA06F311BCB55DC00620804 /* HTTPHeaders+CGIEnvironment.swift in Sources */,
				AAA06ECB1BBE25AE00620804 /* String+URLEncoding.swift in Sources */,
				AAA06F381BCC84ED00620804 /* TestInputStream.swift in Sources */,
				AAA06F681BD2B24300620804 /* CGIServerTest.swift in Sources */,
				AAA06F2E1BCB234200620804 /* CGIHTTPRequest.swift in Sources */,
				AA2509CB1BF2C28500E94307 /* FCGIServer.swift in Sources */,
				AAA06F4D1BCEA26700620804 /* WriteNotifyingOutputStream.swift in Sources */,
				AA6230EC1BD4483A0094B96C /* InputStream+StringsTest.swift in Sources */,
				AAA06EF01BC7664D00620804 /* OutputStream.swift in Sources */,
				AAA06EE41BC6376C00620804 /* InputStream+Primitives.swift in Sources */,
				AA6230F11BD5E0820094B96C /* BufferingOutputStreamTest.swift in Sources */,
				AA6230F41BD72E380094B96C /* BufferingInputStream.swift in Sources */,
				AAA06F6B1BD3FCC200620804 /* InputStream+Strings.swift in Sources */,
				AAA06F191BC968A200620804 /* HTTPStatusTest.swift in Sources */,
				AAA06EDA1BBF534F00620804 /* InputStream.swift in Sources */,
				AA2509B91BEE73A100E94307 /* FCGIRecordOutputStream.swift in Sources */,
				AAA06EEA1BC75F9900620804 /* InputStream+PrimitivesTest.swift in Sources */,
				AA2509BE1BEFA32F00E94307 /* FCGIRecordInputStream.swift in Sources */,
				AAA06F1F1BCABF2600620804 /* HTTPMethodTest.swift in Sources */,
				AAA06EF31BC77B4C00620804 /* OutputStream+PrimitivesTest.swift in Sources */,
				AAA06EF71BC8AA9B00620804 /* Thread.swift in Sources */,
				AA2509C61BF00D9100E94307 /* FCGIRequestHandler.swift in Sources */,
				AA2509C31BEFD6F300E94307 /* FCGIRecordInputStreamTest.swift in Sources */,
				AA2509A81BE7246400E94307 /* FCGIBeginRequestRole.swift in Sources */,
				AA2509B31BE86FB000E94307 /* FCGINameValueSerialization.swift in Sources */,
				AAA06F401BCCA20700620804 /* Server.swift in Sources */,
				AA27D2941BD9E65D00028A42 /* BufferingInputStreamTest.swift in Sources */,
				AAA06F3D1BCC9E5200620804 /* ServerProtocol.swift in Sources */,
				AA2509C81BF16BD400E94307 /* FCGIRequestHandlerTest.swift in Sources */,
				AA2509CE1BF4E1A200E94307 /* DateTime.swift in Sources */,
				AA2509A51BE723F100E94307 /* FCGIBeginRequestFlags.swift in Sources */,
				AAA06F0D1BC8C58100620804 /* HTTPStatus.swift in Sources */,
				AAA06F531BCF3ACF00620804 /* WriteNotifyingOutputStreamTest.swift in Sources */,
				AAA06F551BCF47A300620804 /* TestOutputStream.swift in Sources */,
				AAA06F341BCB71C700620804 /* HTTPHeaders+CGIEnvironmentTest.swift in Sources */,
				AAA06F5D1BD1EE5C00620804 /* OutputStream+StringsTest.swift in Sources */,
				AA2509C11BEFD12D00E94307 /* FCGIError.swift in Sources */,
				AAA06F461BCE098700620804 /* FileInputStream.swift in Sources */,
				AA2509D31BF50F5700E94307 /* DateTimeComponents.swift in Sources */,
				AA25099F1BE6DF8700E94307 /* FCGIRecord.swift in Sources */,
				AA2509DA1BF67EC900E94307 /* DateTimeComponentsTest.swift in Sources */,
				AA2509BB1BEED16400E94307 /* FCGIRecordOutputStreamTest.swift in Sources */,
				AA2509D01BF4F33100E94307 /* DateTimeTest.swift in Sources */,
				AAA06F2A1BCB1A4B00620804 /* HTTPResponse.swift in Sources */,
				AAA06F601BD1F4E600620804 /* CGIHTTPResponse.swift in Sources */,
				AA2509B01BE85B1C00E94307 /* FCGIRecordTest.swift in Sources */,
				AAA06ED81BBF534F00620804 /* IOError.swift in Sources */,
				AA2509A21BE6E2EF00E94307 /* FCGIRecordBody.swift in Sources */,
				AA2509D61BF5601A00E94307 /* Hasher.swift in Sources */,
				AAA06EED1BC765D700620804 /* OutputStream+Primitives.swift in Sources */,
				AAA06F361BCC843C00620804 /* CGIHTTPRequestTest.swift in Sources */,
				AAA06F241BCADC9B00620804 /* HTTPHeadersTest.swift in Sources */,
				AAA06F1C1BC9E64E00620804 /* HTTPMethod.swift in Sources */,
				AAA06ECF1BBE25BC00620804 /* String+URLEncodingTest.swift in Sources */,
				AA2509AE1BE737DE00E94307 /* FCGIRecordBodyTest.swift in Sources */,
				AA2509AB1BE724E500E94307 /* FCGIProtocolStatus.swift in Sources */,
				AAA06F271BCAF89700620804 /* HTTPRequest.swift in Sources */,
				AAA06F621BD1FBDC00620804 /* CGIHTTPResponseTest.swift in Sources */,
				AA2509B61BE9BEF400E94307 /* FCGINameValueSerializationTest.swift in Sources */,
				AAA06F501BCEA28700620804 /* WriteNotifyingOutputStreamDelegate.swift in Sources */,
				AAA06EE71BC6A67300620804 /* SeekOrigin.swift in Sources */,
				AA2509D81BF5770D00E94307 /* HasherTest.swift in Sources */,
				AAA06F101BC95C3E00620804 /* HTTPStatus+Predefined.swift in Sources */,
			);
			runOnlyForDeploymentPostprocessing = 0;
		};
/* End PBXSourcesBuildPhase section */

/* Begin PBXTargetDependency section */
		AAD34D931BB3B0AA00F81F17 /* PBXTargetDependency */ = {
			isa = PBXTargetDependency;
			target = AAD34D851BB3B0AA00F81F17 /* SwiftCGI */;
			targetProxy = AAD34D921BB3B0AA00F81F17 /* PBXContainerItemProxy */;
		};
/* End PBXTargetDependency section */

/* Begin XCBuildConfiguration section */
		AAD34D981BB3B0AA00F81F17 /* Debug */ = {
			isa = XCBuildConfiguration;
			buildSettings = {
				ALWAYS_SEARCH_USER_PATHS = NO;
				CLANG_CXX_LANGUAGE_STANDARD = "gnu++0x";
				CLANG_CXX_LIBRARY = "libc++";
				CLANG_ENABLE_MODULES = YES;
				CLANG_ENABLE_OBJC_ARC = YES;
				CLANG_WARN_BOOL_CONVERSION = YES;
				CLANG_WARN_CONSTANT_CONVERSION = YES;
				CLANG_WARN_DIRECT_OBJC_ISA_USAGE = YES_ERROR;
				CLANG_WARN_EMPTY_BODY = YES;
				CLANG_WARN_ENUM_CONVERSION = YES;
				CLANG_WARN_INT_CONVERSION = YES;
				CLANG_WARN_OBJC_ROOT_CLASS = YES_ERROR;
				CLANG_WARN_UNREACHABLE_CODE = YES;
				CLANG_WARN__DUPLICATE_METHOD_MATCH = YES;
				COPY_PHASE_STRIP = NO;
				CURRENT_PROJECT_VERSION = 1;
				DEBUG_INFORMATION_FORMAT = dwarf;
				ENABLE_STRICT_OBJC_MSGSEND = YES;
				ENABLE_TESTABILITY = YES;
				GCC_C_LANGUAGE_STANDARD = gnu99;
				GCC_DYNAMIC_NO_PIC = NO;
				GCC_NO_COMMON_BLOCKS = YES;
				GCC_OPTIMIZATION_LEVEL = 0;
				GCC_PREPROCESSOR_DEFINITIONS = (
					"DEBUG=1",
					"$(inherited)",
				);
				GCC_WARN_64_TO_32_BIT_CONVERSION = YES;
				GCC_WARN_ABOUT_RETURN_TYPE = YES_ERROR;
				GCC_WARN_UNDECLARED_SELECTOR = YES;
				GCC_WARN_UNINITIALIZED_AUTOS = YES_AGGRESSIVE;
				GCC_WARN_UNUSED_FUNCTION = YES;
				GCC_WARN_UNUSED_VARIABLE = YES;
				MACOSX_DEPLOYMENT_TARGET = 10.10;
				MTL_ENABLE_DEBUG_INFO = YES;
				ONLY_ACTIVE_ARCH = YES;
				SDKROOT = macosx;
				SWIFT_OPTIMIZATION_LEVEL = "-Onone";
				VERSIONING_SYSTEM = "apple-generic";
				VERSION_INFO_PREFIX = "";
			};
			name = Debug;
		};
		AAD34D991BB3B0AA00F81F17 /* Release */ = {
			isa = XCBuildConfiguration;
			buildSettings = {
				ALWAYS_SEARCH_USER_PATHS = NO;
				CLANG_CXX_LANGUAGE_STANDARD = "gnu++0x";
				CLANG_CXX_LIBRARY = "libc++";
				CLANG_ENABLE_MODULES = YES;
				CLANG_ENABLE_OBJC_ARC = YES;
				CLANG_WARN_BOOL_CONVERSION = YES;
				CLANG_WARN_CONSTANT_CONVERSION = YES;
				CLANG_WARN_DIRECT_OBJC_ISA_USAGE = YES_ERROR;
				CLANG_WARN_EMPTY_BODY = YES;
				CLANG_WARN_ENUM_CONVERSION = YES;
				CLANG_WARN_INT_CONVERSION = YES;
				CLANG_WARN_OBJC_ROOT_CLASS = YES_ERROR;
				CLANG_WARN_UNREACHABLE_CODE = YES;
				CLANG_WARN__DUPLICATE_METHOD_MATCH = YES;
				COPY_PHASE_STRIP = NO;
				CURRENT_PROJECT_VERSION = 1;
				DEBUG_INFORMATION_FORMAT = "dwarf-with-dsym";
				ENABLE_NS_ASSERTIONS = NO;
				ENABLE_STRICT_OBJC_MSGSEND = YES;
				GCC_C_LANGUAGE_STANDARD = gnu99;
				GCC_NO_COMMON_BLOCKS = YES;
				GCC_WARN_64_TO_32_BIT_CONVERSION = YES;
				GCC_WARN_ABOUT_RETURN_TYPE = YES_ERROR;
				GCC_WARN_UNDECLARED_SELECTOR = YES;
				GCC_WARN_UNINITIALIZED_AUTOS = YES_AGGRESSIVE;
				GCC_WARN_UNUSED_FUNCTION = YES;
				GCC_WARN_UNUSED_VARIABLE = YES;
				MACOSX_DEPLOYMENT_TARGET = 10.10;
				MTL_ENABLE_DEBUG_INFO = NO;
				SDKROOT = macosx;
				VERSIONING_SYSTEM = "apple-generic";
				VERSION_INFO_PREFIX = "";
			};
			name = Release;
		};
		AAD34D9B1BB3B0AA00F81F17 /* Debug */ = {
			isa = XCBuildConfiguration;
			buildSettings = {
				CLANG_ENABLE_MODULES = YES;
				COMBINE_HIDPI_IMAGES = YES;
				DEFINES_MODULE = YES;
				DYLIB_COMPATIBILITY_VERSION = 1;
				DYLIB_CURRENT_VERSION = 1;
				DYLIB_INSTALL_NAME_BASE = "@rpath";
				EMBEDDED_CONTENT_CONTAINS_SWIFT = YES;
				FRAMEWORK_VERSION = A;
				INFOPLIST_FILE = SwiftCGI/Info.plist;
				INSTALL_PATH = "$(LOCAL_LIBRARY_DIR)/Frameworks";
				LD_RUNPATH_SEARCH_PATHS = "$(inherited) @executable_path/../Frameworks @loader_path/Frameworks";
				MACH_O_TYPE = mh_dylib;
				PRODUCT_BUNDLE_IDENTIFIER = com.tonyallevato.SwiftCGI;
				PRODUCT_NAME = "$(TARGET_NAME)";
				SKIP_INSTALL = YES;
				SWIFT_OPTIMIZATION_LEVEL = "-Onone";
			};
			name = Debug;
		};
		AAD34D9C1BB3B0AA00F81F17 /* Release */ = {
			isa = XCBuildConfiguration;
			buildSettings = {
				CLANG_ENABLE_MODULES = YES;
				COMBINE_HIDPI_IMAGES = YES;
				DEFINES_MODULE = YES;
				DYLIB_COMPATIBILITY_VERSION = 1;
				DYLIB_CURRENT_VERSION = 1;
				DYLIB_INSTALL_NAME_BASE = "@rpath";
				EMBEDDED_CONTENT_CONTAINS_SWIFT = YES;
				FRAMEWORK_VERSION = A;
				INFOPLIST_FILE = SwiftCGI/Info.plist;
				INSTALL_PATH = "$(LOCAL_LIBRARY_DIR)/Frameworks";
				LD_RUNPATH_SEARCH_PATHS = "$(inherited) @executable_path/../Frameworks @loader_path/Frameworks";
				MACH_O_TYPE = mh_dylib;
				PRODUCT_BUNDLE_IDENTIFIER = com.tonyallevato.SwiftCGI;
				PRODUCT_NAME = "$(TARGET_NAME)";
				SKIP_INSTALL = YES;
			};
			name = Release;
		};
		AAD34D9E1BB3B0AA00F81F17 /* Debug */ = {
			isa = XCBuildConfiguration;
			buildSettings = {
				COMBINE_HIDPI_IMAGES = YES;
				INFOPLIST_FILE = SwiftCGITests/Info.plist;
				LD_RUNPATH_SEARCH_PATHS = "$(inherited) @executable_path/../Frameworks @loader_path/../Frameworks";
				PRODUCT_BUNDLE_IDENTIFIER = com.tonyallevato.SwiftCGITests;
				PRODUCT_NAME = "$(TARGET_NAME)";
			};
			name = Debug;
		};
		AAD34D9F1BB3B0AA00F81F17 /* Release */ = {
			isa = XCBuildConfiguration;
			buildSettings = {
				COMBINE_HIDPI_IMAGES = YES;
				INFOPLIST_FILE = SwiftCGITests/Info.plist;
				LD_RUNPATH_SEARCH_PATHS = "$(inherited) @executable_path/../Frameworks @loader_path/../Frameworks";
				PRODUCT_BUNDLE_IDENTIFIER = com.tonyallevato.SwiftCGITests;
				PRODUCT_NAME = "$(TARGET_NAME)";
			};
			name = Release;
		};
/* End XCBuildConfiguration section */

/* Begin XCConfigurationList section */
		AAD34D801BB3B0AA00F81F17 /* Build configuration list for PBXProject "SwiftCGI" */ = {
			isa = XCConfigurationList;
			buildConfigurations = (
				AAD34D981BB3B0AA00F81F17 /* Debug */,
				AAD34D991BB3B0AA00F81F17 /* Release */,
			);
			defaultConfigurationIsVisible = 0;
			defaultConfigurationName = Release;
		};
		AAD34D9A1BB3B0AA00F81F17 /* Build configuration list for PBXNativeTarget "SwiftCGI" */ = {
			isa = XCConfigurationList;
			buildConfigurations = (
				AAD34D9B1BB3B0AA00F81F17 /* Debug */,
				AAD34D9C1BB3B0AA00F81F17 /* Release */,
			);
			defaultConfigurationIsVisible = 0;
			defaultConfigurationName = Release;
		};
		AAD34D9D1BB3B0AA00F81F17 /* Build configuration list for PBXNativeTarget "SwiftCGITests" */ = {
			isa = XCConfigurationList;
			buildConfigurations = (
				AAD34D9E1BB3B0AA00F81F17 /* Debug */,
				AAD34D9F1BB3B0AA00F81F17 /* Release */,
			);
			defaultConfigurationIsVisible = 0;
			defaultConfigurationName = Release;
		};
/* End XCConfigurationList section */
	};
	rootObject = AAD34D7D1BB3B0AA00F81F17 /* Project object */;
}
